{"SurveyEntry":{"SurveyID":"SV_e9CAWi3XIOKlURU","SurveyName":"ATR L2 Chinese Questionnaire","SurveyDescription":null,"SurveyOwnerID":"UR_6XuBICL0BmcI1sF","SurveyBrandID":"pitt","DivisionID":null,"SurveyLanguage":"EN","SurveyActiveResponseSet":"RS_cOX0Ycoap3PNRxc","SurveyStatus":"Inactive","SurveyStartDate":"0000-00-00 00:00:00","SurveyExpirationDate":"0000-00-00 00:00:00","SurveyCreationDate":"2024-09-04 15:06:25","CreatorID":"UR_6XuBICL0BmcI1sF","LastModified":"2024-09-04 15:06:53","LastAccessed":"0000-00-00 00:00:00","LastActivated":"0000-00-00 00:00:00","Deleted":null},"SurveyElements":[{"SurveyID":"SV_e9CAWi3XIOKlURU","Element":"BL","PrimaryAttribute":"Survey Blocks","SecondaryAttribute":null,"TertiaryAttribute":null,"Payload":{"1":{"Type":"Trash","Description":"Trash \/ Unused Questions","ID":"BL_erMRVANSKlxFjsF","BlockElements":[],"Options":{"BlockLocking":"false","RandomizeQuestions":"false","BlockVisibility":"Expanded"}},"8":{"Type":"Standard","SubType":"","Description":"Habits","ID":"BL_elgCFNIA3biA9qB","BlockElements":[{"Type":"Question","QuestionID":"QID168"},{"Type":"Question","QuestionID":"QID169"},{"Type":"Question","QuestionID":"QID170"},{"Type":"Question","QuestionID":"QID171"},{"Type":"Question","QuestionID":"QID174"},{"Type":"Question","QuestionID":"QID173"},{"Type":"Question","QuestionID":"QID176"},{"Type":"Question","QuestionID":"QID177"}],"Options":{"BlockLocking":"false","RandomizeQuestions":"false","BlockVisibility":"Collapsed"}},"9":{"Type":"Standard","SubType":"","Description":"Demo","ID":"BL_cVcPtb7C0ZAdhel","Options":{"BlockLocking":"false","RandomizeQuestions":"false","BlockVisibility":"Collapsed"},"BlockElements":[{"Type":"Question","QuestionID":"QID164"},{"Type":"Question","QuestionID":"QID166"},{"Type":"Question","QuestionID":"QID167"},{"Type":"Question","QuestionID":"QID1315354473"},{"Type":"Question","QuestionID":"QID1315354474"},{"Type":"Question","QuestionID":"QID1315354475"},{"Type":"Question","QuestionID":"QID1315354476"},{"Type":"Question","QuestionID":"QID1315354477"},{"Type":"Question","QuestionID":"QID1315354478"},{"Type":"Question","QuestionID":"QID1315354479"},{"Type":"Question","QuestionID":"QID1315354480"}]},"11":{"Type":"Standard","Description":"Language History","ID":"BL_7XauvbkL17da7D7","BlockElements":[{"Type":"Question","QuestionID":"QID207"},{"Type":"Question","QuestionID":"QID208"},{"Type":"Page Break"},{"Type":"Question","QuestionID":"QID209"},{"Type":"Question","QuestionID":"QID210"},{"Type":"Question","QuestionID":"QID211"},{"Type":"Page Break"},{"Type":"Question","QuestionID":"QID212"},{"Type":"Question","QuestionID":"QID213"},{"Type":"Question","QuestionID":"QID214"},{"Type":"Page Break"},{"Type":"Question","QuestionID":"QID215"},{"Type":"Question","QuestionID":"QID216"},{"Type":"Question","QuestionID":"QID217"},{"Type":"Page Break"},{"Type":"Question","QuestionID":"QID218"},{"Type":"Question","QuestionID":"QID219"},{"Type":"Question","QuestionID":"QID220"},{"Type":"Page Break"},{"Type":"Question","QuestionID":"QID221"},{"Type":"Question","QuestionID":"QID222"},{"Type":"Question","QuestionID":"QID223"},{"Type":"Page Break"},{"Type":"Question","QuestionID":"QID224"},{"Type":"Question","QuestionID":"QID225"},{"Type":"Question","QuestionID":"QID226"},{"Type":"Page Break"},{"Type":"Question","QuestionID":"QID227"},{"Type":"Question","QuestionID":"QID228"},{"Type":"Question","QuestionID":"QID229"},{"Type":"Page Break"},{"Type":"Question","QuestionID":"QID244"},{"Type":"Question","QuestionID":"QID243"},{"Type":"Question","QuestionID":"QID242"},{"Type":"Question","QuestionID":"QID231"},{"Type":"Question","QuestionID":"QID232"},{"Type":"Question","QuestionID":"QID233"},{"Type":"Question","QuestionID":"QID234"},{"Type":"Page Break"},{"Type":"Question","QuestionID":"QID235"},{"Type":"Question","QuestionID":"QID236"},{"Type":"Question","QuestionID":"QID237"},{"Type":"Question","QuestionID":"QID238"},{"Type":"Question","QuestionID":"QID239"},{"Type":"Page Break"},{"Type":"Question","QuestionID":"QID240"},{"Type":"Question","QuestionID":"QID241"}],"Options":{"BlockLocking":"false","RandomizeQuestions":"false","BlockVisibility":"Expanded"}}}},{"SurveyID":"SV_e9CAWi3XIOKlURU","Element":"FL","PrimaryAttribute":"Survey Flow","SecondaryAttribute":null,"TertiaryAttribute":null,"Payload":{"Type":"Root","FlowID":"FL_1","Flow":[{"Type":"EmbeddedData","FlowID":"FL_2","EmbeddedData":[{"Description":"timeUp","Type":"Custom","Field":"timeUp","VariableType":"String","DataVisibility":[],"AnalyzeText":false,"Value":"0"},{"Description":"Comp_timeRemaining","Type":"Custom","Field":"Comp_timeRemaining","VariableType":"String","DataVisibility":[],"AnalyzeText":false,"Value":"1800"}]},{"Type":"EmbeddedData","FlowID":"FL_3","EmbeddedData":[{"Description":"timeUp","Type":"Custom","Field":"timeUp","VariableType":"String","DataVisibility":[],"AnalyzeText":false,"Value":"0"},{"Description":"Vocab_timeRemaining","Type":"Custom","Field":"Vocab_timeRemaining","VariableType":"String","DataVisibility":[],"AnalyzeText":false,"Value":"900"}]},{"Type":"EmbeddedData","FlowID":"FL_4","EmbeddedData":[{"Description":"id","Type":"Recipient","Field":"id","VariableType":"String","DataVisibility":[],"AnalyzeText":false}]},{"Type":"Standard","ID":"BL_cVcPtb7C0ZAdhel","FlowID":"FL_5","Autofill":[]},{"Type":"Block","ID":"BL_7XauvbkL17da7D7","FlowID":"FL_6","Autofill":[]},{"Type":"Standard","ID":"BL_elgCFNIA3biA9qB","FlowID":"FL_7","Autofill":[]}],"Properties":{"Count":8,"RemovedFieldsets":[]}}},{"SurveyID":"SV_e9CAWi3XIOKlURU","Element":"PL","PrimaryAttribute":"Preview Link","SecondaryAttribute":null,"TertiaryAttribute":null,"Payload":{"PreviewType":"Brand","PreviewID":"b40bfa8d-8e4c-4d98-bab4-231a59fda525"}},{"SurveyID":"SV_e9CAWi3XIOKlURU","Element":"SO","PrimaryAttribute":"Survey Options","SecondaryAttribute":null,"TertiaryAttribute":null,"Payload":{"BackButton":"true","SaveAndContinue":"true","SurveyProtection":"PublicSurvey","BallotBoxStuffingPrevention":"false","NoIndex":"Yes","SecureResponseFiles":"true","SurveyExpiration":null,"SurveyTermination":"DefaultMessage","Header":"","Footer":"","ProgressBarDisplay":"None","PartialData":"+1 week","ValidationMessage":null,"PreviousButton":" \u2190 Previous Page","NextButton":" Next Page \u2192 ","SurveyTitle":"Online Survey Software | Qualtrics Survey Solutions","SkinLibrary":"pitt","SkinType":"MQ","Skin":"pitt21","NewScoring":1,"EOSMessage":"MS_cBaAy2oOZIFKozX","ShowExportTags":"false","CollectGeoLocation":"false","SurveyMetaDescription":"The most powerful, simple and trusted way to gather experience data. Start your journey to experience management and try a free account today.","PasswordProtection":"No","AnonymizeResponse":"No","Password":"","RefererCheck":"No","RefererURL":"http:\/\/","UseCustomSurveyLinkCompletedMessage":null,"SurveyLinkCompletedMessage":"","SurveyLinkCompletedMessageLibrary":"","ResponseSummary":"No","EOSMessageLibrary":"UR_6XuBICL0BmcI1sF","EOSRedirectURL":"https:\/\/pitt.sona-systems.com\/webstudy_credit.aspx?experiment_id=678&credit_token=001b72d53ef44c46a8db1050c91e613b&survey_code=${e:\/\/Field\/id}","EmailThankYou":"false","ThankYouEmailMessageLibrary":null,"ThankYouEmailMessage":null,"ValidateMessage":"true","ValidationMessageLibrary":null,"InactiveSurvey":"DefaultMessage","PartialDataCloseAfter":"LastActivity","ActiveResponseSet":null,"InactiveMessageLibrary":"","InactiveMessage":"","AvailableLanguages":{"EN":[]},"QuestionsPerPage":"","headerMid":"","PageTransition":"none","CustomStyles":{"customCSS":".header-cont {  \n   width:100%;  \n   position:fixed;  \n   top:0px;  \n   z-index:1000;\n }  \n .header {  \n   height:auto;  \n   background:#FFFFFF;  \n   width:100%;  \n   top: 0px;\n\tmargin:0px auto;\n   position:fixed;\n\t z-index:1000;\n }  \n .timer{  \n   width: 500px;  \n   margin: auto;  \n   text-align: center;  \n   vertical-align: middle;  \n   line-height: 25px;       \n   font-size: 24px;  \n }"},"ProtectSelectionIds":true,"PartialDeletion":null,"SurveyName":"ATR L2 Chinese Questionnaire"}},{"SurveyID":"SV_e9CAWi3XIOKlURU","Element":"SCO","PrimaryAttribute":"Scoring","SecondaryAttribute":null,"TertiaryAttribute":null,"Payload":{"ScoringCategories":[{"ID":"SC_eyQqITsiK2W61db","Name":"Vocab Correct","Description":""},{"ID":"SC_0wAFK6plbjS1JsN","Name":"Vocab Incorrect","Description":null},{"ID":"SC_54tcBpXKDoe5Bwp","Name":"Comp Correct","Description":null},{"ID":"SC_bvao2Z4kYVK87yd","Name":"Comp Incorrect","Description":null}],"ScoringCategoryGroups":[],"DefaultScoringCategory":"SC_eyQqITsiK2W61db","ScoringSummaryCategory":"SC_0wAFK6plbjS1JsN","ScoringSummaryAfterQuestions":false,"ScoringSummaryAfterSurvey":false,"AutoScoringCategory":null,"IgnoreNullValues":true}},{"SurveyID":"SV_e9CAWi3XIOKlURU","Element":"PROJ","PrimaryAttribute":"CORE","SecondaryAttribute":null,"TertiaryAttribute":"1.1.0","Payload":{"ProjectCategory":"CORE","SchemaVersion":"1.1.0"}},{"SurveyID":"SV_e9CAWi3XIOKlURU","Element":"STAT","PrimaryAttribute":"Survey Statistics","SecondaryAttribute":null,"TertiaryAttribute":null,"Payload":{"MobileCompatible":true,"ID":"Survey Statistics"}},{"SurveyID":"SV_e9CAWi3XIOKlURU","Element":"QC","PrimaryAttribute":"Survey Question Count","SecondaryAttribute":"258","TertiaryAttribute":null,"Payload":null},{"SurveyID":"SV_e9CAWi3XIOKlURU","Element":"SQ","PrimaryAttribute":"QID1315354475","SecondaryAttribute":"As an incoming college student, please list when you expect to begin your first semester (for exa...","TertiaryAttribute":null,"Payload":{"Configuration":{"InputHeight":29,"InputWidth":335,"QuestionDescriptionOption":"UseText"},"DataVisibility":{"Hidden":false,"Private":false},"DefaultChoices":false,"DisplayLogic":{"0":{"0":{"ChoiceLocator":"q:\/\/QID1315354474\/SelectableChoice\/1","Description":"<span class=\"ConjDesc\">If<\/span> <span class=\"QuestionDesc\">Please select the answer that best describes your current status as a student:<\/span> <span class=\"LeftOpDesc\">Incoming college student<\/span> <span class=\"OpDesc\">Is Selected<\/span> ","LeftOperand":"q:\/\/QID1315354474\/SelectableChoice\/1","LogicType":"Question","Operator":"Selected","QuestionID":"QID1315354474","QuestionIDFromLocator":"QID1315354474","QuestionIsInLoop":"no","Type":"Expression"},"Type":"If"},"Type":"BooleanExpression","inPage":false},"GradingData":[],"Language":[],"NextAnswerId":1,"NextChoiceId":4,"QuestionDescription":"As an incoming college student, please list when you expect to begin your first semester (for exa...","QuestionText":"As an incoming college student, please list when you expect to begin your first semester (for example, Fall 2022)","QuestionText_Unsafe":"As an incoming college student, please list when you expect to begin your first semester (for example, Fall 2022)","QuestionType":"TE","SearchSource":{"AllowFreeResponse":"false"},"Selector":"SL","Validation":{"Settings":{"ForceResponse":"ON","ForceResponseType":"ON","Type":"None"}},"DataExportTag":"D_CollegeStart","QuestionID":"QID1315354475"}},{"SurveyID":"SV_e9CAWi3XIOKlURU","Element":"SQ","PrimaryAttribute":"QID241","SecondaryAttribute":"At the present moment, estimate how many hours per week\u00a0(approximate) you use English academicall..","TertiaryAttribute":null,"Payload":{"QuestionText":"At\nthe present moment, estimate how many<b> hours per week<\/b>&nbsp;(approximate) you use English <b>academically<\/b>.&nbsp; This includes during class time lectures, reading class materials like textbooks, and studying for a class.","DefaultChoices":false,"QuestionType":"TE","Selector":"FORM","DataVisibility":{"Private":false,"Hidden":false},"Configuration":{"QuestionDescriptionOption":"UseText"},"QuestionDescription":"At the present moment, estimate how many hours per week\u00a0(approximate) you use English academicall...","Choices":{"1":{"Display":"Reading in English","TextEntry":"on","InputHeight":29,"InputWidth":90,"TextEntryLength":"Short"},"2":{"Display":"Writing in English","TextEntry":"on","InputHeight":29,"InputWidth":90,"TextEntryLength":"Short"},"3":{"Display":"Speaking in English","TextEntry":"on","InputHeight":29,"InputWidth":90,"TextEntryLength":"Short"},"4":{"Display":"Listening to English","TextEntry":"on","InputHeight":29,"InputWidth":90,"TextEntryLength":"Short"}},"ChoiceOrder":[1,2,3,4],"Validation":{"Settings":{"ForceResponse":"ON","ForceResponseType":"ON"}},"GradingData":[],"Language":[],"NextChoiceId":5,"NextAnswerId":1,"SearchSource":{"AllowFreeResponse":"false"},"QuestionText_Unsafe":"At\nthe present moment, estimate how many<b> hours per week<\/b>&nbsp;(approximate) you use English <b>academically<\/b>.&nbsp; This includes during class time lectures, reading class materials like textbooks, and studying for a class.","DataExportTag":"L_F2","QuestionID":"QID241"}},{"SurveyID":"SV_e9CAWi3XIOKlURU","Element":"SQ","PrimaryAttribute":"QID240","SecondaryAttribute":"At the present moment, estimate how many hours per week\u00a0(approximate) you use English socially.\u00a0..","TertiaryAttribute":null,"Payload":{"QuestionText":"At\nthe present moment, estimate how many<b> hours per week<\/b>&nbsp;(approximate) you use English <b>socially<\/b>.&nbsp; This includes with friends, at home, and during free time.&nbsp;","DefaultChoices":false,"QuestionType":"TE","Selector":"FORM","Configuration":{"QuestionDescriptionOption":"UseText"},"QuestionDescription":"At the present moment, estimate how many hours per week\u00a0(approximate) you use English socially.\u00a0...","Choices":{"1":{"Display":"Reading in English","TextEntry":"on","InputHeight":30,"InputWidth":90,"TextEntryLength":"Short"},"2":{"Display":"Writing in English","TextEntry":"on","InputHeight":29,"InputWidth":90,"TextEntryLength":"Short"},"3":{"Display":"Speaking in English","TextEntry":"on","InputHeight":29,"InputWidth":90,"TextEntryLength":"Short"},"4":{"Display":"Listening to English","TextEntry":"on","InputHeight":29,"InputWidth":90,"TextEntryLength":"Short"}},"ChoiceOrder":[1,2,3,4],"Validation":{"Settings":{"ForceResponse":"ON","ForceResponseType":"ON"}},"GradingData":[],"Language":[],"NextChoiceId":5,"NextAnswerId":1,"SearchSource":{"AllowFreeResponse":"false"},"DataVisibility":{"Private":false,"Hidden":false},"QuestionText_Unsafe":"At\nthe present moment, estimate how many<b> hours per week<\/b>&nbsp;(approximate) you use English <b>socially<\/b>.&nbsp; This includes with friends, at home, and during free time.&nbsp;","DataExportTag":"L_F1","QuestionID":"QID240"}},{"SurveyID":"SV_e9CAWi3XIOKlURU","Element":"RS","PrimaryAttribute":"RS_cOX0Ycoap3PNRxc","SecondaryAttribute":"Default Response Set","TertiaryAttribute":null,"Payload":null},{"SurveyID":"SV_e9CAWi3XIOKlURU","Element":"SQ","PrimaryAttribute":"QID236","SecondaryAttribute":"Did you take any exam that assessed your proficiency in English (Such as TOEFL)?","TertiaryAttribute":null,"Payload":{"QuestionText":"Did you take any exam that assessed your proficiency in English (Such as TOEFL)?","QuestionType":"MC","Selector":"SAVR","SubSelector":"TX","DataVisibility":{"Private":false,"Hidden":false},"Configuration":{"QuestionDescriptionOption":"UseText","Autoscale":{"YScale":{"Name":"yesNo","Type":"likert","Reverse":false}}},"QuestionDescription":"Did you take any exam that assessed your proficiency in English (Such as TOEFL)?","Choices":{"1":{"Display":"Yes"},"2":{"Display":"No"}},"ChoiceOrder":[1,2],"Validation":{"Settings":{"ForceResponse":"ON","ForceResponseType":"ON","Type":"None"}},"Language":[],"NextChoiceId":3,"NextAnswerId":1,"QuestionText_Unsafe":"Did you take any exam that assessed your proficiency in English (Such as TOEFL)?","DataExportTag":"L_E1","QuestionID":"QID236"}},{"SurveyID":"SV_e9CAWi3XIOKlURU","Element":"SQ","PrimaryAttribute":"QID231","SecondaryAttribute":"For how many months (approximate) have you lived in the United States?","TertiaryAttribute":null,"Payload":{"QuestionText":"For how many months (approximate) have you lived in the United States?","DefaultChoices":false,"QuestionType":"TE","Selector":"SL","Configuration":{"QuestionDescriptionOption":"UseText","InputWidth":125,"InputHeight":29},"QuestionDescription":"For how many months (approximate) have you lived in the United States?","Validation":{"Settings":{"ForceResponse":"ON","ForceResponseType":"ON","Type":"None"}},"GradingData":[],"Language":[],"NextChoiceId":4,"NextAnswerId":1,"SearchSource":{"AllowFreeResponse":"false"},"DataVisibility":{"Private":false,"Hidden":false},"QuestionText_Unsafe":"For how many months (approximate) have you lived in the United States?","DataExportTag":"L_C2","QuestionID":"QID231"}},{"SurveyID":"SV_e9CAWi3XIOKlURU","Element":"SQ","PrimaryAttribute":"QID210","SecondaryAttribute":"For your native language you indicated in the previous question, please indicate both your age an...","TertiaryAttribute":null,"Payload":{"QuestionText":"For your <b>native <\/b>language you indicated in the previous question, please indicate both your age and the learning situation in which you first started <b>speaking and listening<\/b> to the language.<div><br><\/div><div>For example: you could have been listening to and attempting to speak your native language since birth, so you would enter \"0\" for age and might describe the learning situation as \"spoken at home by parents.\"&nbsp;<\/div>","DefaultChoices":false,"QuestionType":"TE","Selector":"FORM","Configuration":{"QuestionDescriptionOption":"UseText"},"QuestionDescription":"For your native language you indicated in the previous question, please indicate both your age an...","Choices":{"1":{"Display":"Age","TextEntry":"on","InputHeight":29,"InputWidth":60,"TextEntryLength":"Short"},"2":{"Display":"Learning situation","TextEntry":"on","InputHeight":36,"InputWidth":470,"TextEntryLength":"Long"}},"ChoiceOrder":[1,2],"Validation":{"Settings":{"ForceResponse":"ON","ForceResponseType":"ON"}},"GradingData":[],"Language":[],"NextChoiceId":3,"NextAnswerId":1,"SearchSource":{"AllowFreeResponse":"false"},"DataVisibility":{"Private":false,"Hidden":false},"QuestionText_Unsafe":"For your <b>native <\/b>language you indicated in the previous question, please indicate both your age and the learning situation in which you first started <b>speaking and listening<\/b> to the language.<div><br><\/div><div>For example: you could have been listening to and attempting to speak your native language since birth, so you would enter \"0\" for age and might describe the learning situation as \"spoken at home by parents.\"&nbsp;<\/div>","DataExportTag":"L_A1a","QuestionID":"QID210"}},{"SurveyID":"SV_e9CAWi3XIOKlURU","Element":"SQ","PrimaryAttribute":"QID211","SecondaryAttribute":"For your native language you indicated previously, please indicate both your age and the learning...","TertiaryAttribute":null,"Payload":{"QuestionText":"For your <b>native <\/b>language you indicated previously, please indicate both your age and the learning situation in which you first started <b>reading and writing<\/b>&nbsp;in the language.<div><br><\/div><div>For example: you could have begun learning how to read and write in your native language when you first entered school, so you would enter the numeric age you started school and might describe the learning situation as \"taught in Kindergarten.\"<\/div>","DefaultChoices":false,"QuestionType":"TE","Selector":"FORM","DataVisibility":{"Private":false,"Hidden":false},"Configuration":{"QuestionDescriptionOption":"UseText"},"QuestionDescription":"For your native language you indicated previously, please indicate both your age and the learning...","Choices":{"1":{"Display":"Age","TextEntry":"on","InputHeight":29,"InputWidth":60,"TextEntryLength":"Short"},"2":{"Display":"Learning situation","TextEntry":"on","InputHeight":36,"InputWidth":470,"TextEntryLength":"Long"}},"ChoiceOrder":[1,2],"Validation":{"Settings":{"ForceResponse":"ON","ForceResponseType":"ON"}},"GradingData":[],"Language":[],"NextChoiceId":3,"NextAnswerId":1,"SearchSource":{"AllowFreeResponse":"false"},"QuestionText_Unsafe":"For your <b>native <\/b>language you indicated previously, please indicate both your age and the learning situation in which you first started <b>reading and writing<\/b>&nbsp;in the language.<div><br><\/div><div>For example: you could have begun learning how to read and write in your native language when you first entered school, so you would enter the numeric age you started school and might describe the learning situation as \"taught in Kindergarten.\"<\/div>","DataExportTag":"L_A1b","QuestionID":"QID211"}},{"SurveyID":"SV_e9CAWi3XIOKlURU","Element":"SQ","PrimaryAttribute":"QID213","SecondaryAttribute":"For your second language that you indicated in the previous question, please indicate both your age","TertiaryAttribute":null,"Payload":{"QuestionText":"For your <strong>second <\/strong>language that you indicated in the previous question, please indicate both your age and the learning situation in which you first started <strong>speaking and listening<\/strong> to the language.<div><br><\/div><div>For example: you may have taken a class during middle school that taught this language, in which case you would enter your age at that time and the learning situation could be \"taught in middle school (7th grade).\" You also may have grown-up with bilingual guardians\/parents so you could report around what age you began speaking and listening to the language and describe the learning situation as \"spoken by parents at home.\"&nbsp;<\/div>","DefaultChoices":false,"QuestionType":"TE","Selector":"FORM","DataVisibility":{"Private":false,"Hidden":false},"Configuration":{"QuestionDescriptionOption":"SpecifyLabel"},"QuestionDescription":"For your second language that you indicated in the previous question, please indicate both your age","Choices":{"1":{"Display":"Age","TextEntry":"on","InputHeight":29,"InputWidth":60,"TextEntryLength":"Short"},"2":{"Display":"Learning situation","TextEntry":"on","InputHeight":36,"InputWidth":470,"TextEntryLength":"Long"}},"ChoiceOrder":[1,2],"Validation":{"Settings":{"ForceResponse":"ON","ForceResponseType":"ON"}},"GradingData":[],"Language":[],"NextChoiceId":3,"NextAnswerId":1,"SearchSource":{"AllowFreeResponse":"false"},"InPageDisplayLogic":{"0":{"0":{"ChoiceLocator":"q:\/\/QID208\/SelectableChoice\/1","Description":"<span class=\"ConjDesc\">If<\/span> <span class=\"QuestionDesc\">How many languages have you learned?<\/span> <span class=\"LeftOpDesc\">1 language<\/span> <span class=\"OpDesc\">Is Not Selected<\/span> ","LeftOperand":"q:\/\/QID208\/SelectableChoice\/1","LogicType":"Question","Operator":"NotSelected","QuestionID":"QID208","QuestionIDFromLocator":"QID208","QuestionIsInLoop":"no","Type":"Expression"},"Type":"If"},"Type":"BooleanExpression","inPage":true},"QuestionText_Unsafe":"For your <strong>second <\/strong>language that you indicated in the previous question, please indicate both your age and the learning situation in which you first started <strong>speaking and listening<\/strong> to the language.<div><br><\/div><div>For example: you may have taken a class during middle school that taught this language, in which case you would enter your age at that time and the learning situation could be \"taught in middle school (7th grade).\" You also may have grown-up with bilingual guardians\/parents so you could report around what age you began speaking and listening to the language and describe the learning situation as \"spoken by parents at home.\"&nbsp;<\/div>","DataExportTag":"L_A2a","QuestionID":"QID213"}},{"SurveyID":"SV_e9CAWi3XIOKlURU","Element":"SQ","PrimaryAttribute":"QID214","SecondaryAttribute":"For your second language you indicated previously, please indicate both your age and the learning...","TertiaryAttribute":null,"Payload":{"QuestionText":"For your <b>second <\/b>language you indicated previously, please indicate both your age and the learning situation in which you first started <b>reading and writing<\/b>&nbsp;in the language.<div><br><\/div><div>For example: you could have begun learning how to read and write in your second language during high school, so you would enter the age applicable (approximate if needed) and might describe the learning situation as \"taught during high school (9th grade)\".&nbsp;&nbsp;<\/div>","DefaultChoices":false,"QuestionType":"TE","Selector":"FORM","DataVisibility":{"Private":false,"Hidden":false},"Configuration":{"QuestionDescriptionOption":"UseText"},"QuestionDescription":"For your second language you indicated previously, please indicate both your age and the learning...","Choices":{"1":{"Display":"Age","TextEntry":"on","InputHeight":29,"InputWidth":60,"TextEntryLength":"Short"},"2":{"Display":"Learning situation","TextEntry":"on","InputHeight":36,"InputWidth":470,"TextEntryLength":"Long"}},"ChoiceOrder":[1,2],"Validation":{"Settings":{"ForceResponse":"ON","ForceResponseType":"ON"}},"GradingData":[],"Language":[],"NextChoiceId":3,"NextAnswerId":1,"SearchSource":{"AllowFreeResponse":"false"},"InPageDisplayLogic":{"0":{"0":{"ChoiceLocator":"q:\/\/QID208\/SelectableChoice\/1","Description":"<span class=\"ConjDesc\">If<\/span> <span class=\"QuestionDesc\">How many languages have you learned?<\/span> <span class=\"LeftOpDesc\">1 language<\/span> <span class=\"OpDesc\">Is Not Selected<\/span> ","LeftOperand":"q:\/\/QID208\/SelectableChoice\/1","LogicType":"Question","Operator":"NotSelected","QuestionID":"QID208","QuestionIDFromLocator":"QID208","QuestionIsInLoop":"no","Type":"Expression"},"Type":"If"},"Type":"BooleanExpression","inPage":true},"QuestionText_Unsafe":"For your <b>second <\/b>language you indicated previously, please indicate both your age and the learning situation in which you first started <b>reading and writing<\/b>&nbsp;in the language.<div><br><\/div><div>For example: you could have begun learning how to read and write in your second language during high school, so you would enter the age applicable (approximate if needed) and might describe the learning situation as \"taught during high school (9th grade)\".&nbsp;&nbsp;<\/div>","DataExportTag":"L_A2b","QuestionID":"QID214"}},{"SurveyID":"SV_e9CAWi3XIOKlURU","Element":"SQ","PrimaryAttribute":"QID216","SecondaryAttribute":"For your third language that you indicated in the previous question, please indicate both your ag...","TertiaryAttribute":null,"Payload":{"QuestionText":"For your <b>third <\/b>language that you indicated in the previous question, please indicate both your age and the learning situation in which you first started <b>speaking and listening<\/b> to the language.<div><br><\/div><div>For example: you may have started taking a foreign language class as a first year college student, so in that case you would enter the age you were when you started the course and could list your learning situation as \"taken\/taking as a first year college student\"<\/div>","DefaultChoices":false,"QuestionType":"TE","Selector":"FORM","DataVisibility":{"Private":false,"Hidden":false},"Configuration":{"QuestionDescriptionOption":"UseText"},"QuestionDescription":"For your third language that you indicated in the previous question, please indicate both your ag...","Choices":{"1":{"Display":"Age","TextEntry":"on","InputHeight":29,"InputWidth":60,"TextEntryLength":"Short"},"2":{"Display":"Learning situation","TextEntry":"on","InputHeight":36,"InputWidth":470,"TextEntryLength":"Long"}},"ChoiceOrder":[1,2],"Validation":{"Settings":{"ForceResponse":"ON","ForceResponseType":"ON"}},"GradingData":[],"Language":[],"NextChoiceId":3,"NextAnswerId":1,"SearchSource":{"AllowFreeResponse":"false"},"InPageDisplayLogic":{"0":{"0":{"ChoiceLocator":"q:\/\/QID208\/SelectableChoice\/1","Description":"<span class=\"ConjDesc\">If<\/span> <span class=\"QuestionDesc\">How many languages have you learned?<\/span> <span class=\"LeftOpDesc\">1 language<\/span> <span class=\"OpDesc\">Is Not Selected<\/span> ","LeftOperand":"q:\/\/QID208\/SelectableChoice\/1","LogicType":"Question","Operator":"NotSelected","QuestionID":"QID208","QuestionIDFromLocator":"QID208","QuestionIsInLoop":"no","Type":"Expression"},"1":{"ChoiceLocator":"q:\/\/QID208\/SelectableChoice\/2","Conjuction":"And","Description":"<span class=\"ConjDesc\">And<\/span> <span class=\"QuestionDesc\">How many languages have you learned?<\/span> <span class=\"LeftOpDesc\">2 languages<\/span> <span class=\"OpDesc\">Is Not Selected<\/span> ","LeftOperand":"q:\/\/QID208\/SelectableChoice\/2","LogicType":"Question","Operator":"NotSelected","QuestionID":"QID208","QuestionIDFromLocator":"QID208","QuestionIsInLoop":"no","Type":"Expression"},"Type":"If"},"Type":"BooleanExpression","inPage":true},"QuestionText_Unsafe":"For your <b>third <\/b>language that you indicated in the previous question, please indicate both your age and the learning situation in which you first started <b>speaking and listening<\/b> to the language.<div><br><\/div><div>For example: you may have started taking a foreign language class as a first year college student, so in that case you would enter the age you were when you started the course and could list your learning situation as \"taken\/taking as a first year college student\"<\/div>","DataExportTag":"L_A3a","QuestionID":"QID216"}},{"SurveyID":"SV_e9CAWi3XIOKlURU","Element":"SQ","PrimaryAttribute":"QID217","SecondaryAttribute":"For your third\u00a0language you indicated previously, please indicate both your age and the learning...","TertiaryAttribute":null,"Payload":{"QuestionText":"For your <b>third&nbsp;<\/b>language you indicated previously, please indicate both your age and the learning situation in which you first started <strong>reading and writing<\/strong>&nbsp;in the language.\n<div>&nbsp;<\/div>\n\n<div>For example: you may have started taking a foreign language class as a first year college student, so in that case you would enter the age you were when you started the course and could list your learning situation as \"taken\/taking as a first year college student\"<\/div>","DefaultChoices":false,"QuestionType":"TE","Selector":"FORM","DataVisibility":{"Private":false,"Hidden":false},"Configuration":{"QuestionDescriptionOption":"UseText"},"QuestionDescription":"For your third\u00a0language you indicated previously, please indicate both your age and the learning...","Choices":{"1":{"Display":"Age","TextEntry":"on","InputHeight":29,"InputWidth":60,"TextEntryLength":"Short"},"2":{"Display":"Learning situation","TextEntry":"on","InputHeight":36,"InputWidth":470,"TextEntryLength":"Long"}},"ChoiceOrder":[1,2],"Validation":{"Settings":{"ForceResponse":"ON","ForceResponseType":"ON"}},"GradingData":[],"Language":[],"NextChoiceId":3,"NextAnswerId":1,"SearchSource":{"AllowFreeResponse":"false"},"InPageDisplayLogic":{"0":{"0":{"ChoiceLocator":"q:\/\/QID208\/SelectableChoice\/1","Description":"<span class=\"ConjDesc\">If<\/span> <span class=\"QuestionDesc\">How many languages have you learned?<\/span> <span class=\"LeftOpDesc\">1 language<\/span> <span class=\"OpDesc\">Is Not Selected<\/span> ","LeftOperand":"q:\/\/QID208\/SelectableChoice\/1","LogicType":"Question","Operator":"NotSelected","QuestionID":"QID208","QuestionIDFromLocator":"QID208","QuestionIsInLoop":"no","Type":"Expression"},"1":{"ChoiceLocator":"q:\/\/QID208\/SelectableChoice\/2","Conjuction":"And","Description":"<span class=\"ConjDesc\">And<\/span> <span class=\"QuestionDesc\">How many languages have you learned?<\/span> <span class=\"LeftOpDesc\">2 languages<\/span> <span class=\"OpDesc\">Is Not Selected<\/span> ","LeftOperand":"q:\/\/QID208\/SelectableChoice\/2","LogicType":"Question","Operator":"NotSelected","QuestionID":"QID208","QuestionIDFromLocator":"QID208","QuestionIsInLoop":"no","Type":"Expression"},"Type":"If"},"Type":"BooleanExpression","inPage":true},"QuestionText_Unsafe":"For your <b>third&nbsp;<\/b>language you indicated previously, please indicate both your age and the learning situation in which you first started <strong>reading and writing<\/strong>&nbsp;in the language.\n<div>&nbsp;<\/div>\n\n<div>For example: you may have started taking a foreign language class as a first year college student, so in that case you would enter the age you were when you started the course and could list your learning situation as \"taken\/taking as a first year college student\"<\/div>","DataExportTag":"L_A3b","QuestionID":"QID217"}},{"SurveyID":"SV_e9CAWi3XIOKlURU","Element":"SQ","PrimaryAttribute":"QID208","SecondaryAttribute":"How many languages have you learned?","TertiaryAttribute":null,"Payload":{"QuestionText":"How many languages have you learned?","QuestionType":"MC","Selector":"SAVR","SubSelector":"TX","Configuration":{"QuestionDescriptionOption":"UseText"},"QuestionDescription":"How many languages have you learned?","Choices":{"1":{"Display":"1 language"},"2":{"Display":"2 languages"},"3":{"Display":"3 languages or more"}},"ChoiceOrder":[1,2,3],"Validation":{"Settings":{"ForceResponse":"ON","ForceResponseType":"ON","Type":"None"}},"Language":[],"NextChoiceId":4,"NextAnswerId":1,"DataVisibility":{"Private":false,"Hidden":false},"QuestionText_Unsafe":"How many languages have you learned?","DataExportTag":"L_A0","QuestionID":"QID208"}},{"SurveyID":"SV_e9CAWi3XIOKlURU","Element":"SQ","PrimaryAttribute":"QID1315354479","SecondaryAttribute":"If you have declared it, please indicate what your major is. If not applicable or you wish to not...","TertiaryAttribute":null,"Payload":{"Configuration":{"QuestionDescriptionOption":"UseText"},"DataVisibility":{"Hidden":false,"Private":false},"DefaultChoices":false,"DisplayLogic":{"0":{"0":{"ChoiceLocator":"q:\/\/QID1315354474\/SelectableChoice\/3","Description":"<span class=\"ConjDesc\">If<\/span> <span class=\"QuestionDesc\">Please select the answer that best describes your current status as a student:<\/span> <span class=\"LeftOpDesc\">Undergraduate\/college student<\/span> <span class=\"OpDesc\">Is Selected<\/span> ","LeftOperand":"q:\/\/QID1315354474\/SelectableChoice\/3","LogicType":"Question","Operator":"Selected","QuestionID":"QID1315354474","QuestionIDFromLocator":"QID1315354474","QuestionIsInLoop":"no","Type":"Expression"},"Type":"If"},"Type":"BooleanExpression","inPage":false},"GradingData":[],"Language":[],"NextAnswerId":1,"NextChoiceId":4,"QuestionDescription":"If you have declared it, please indicate what your major is. If not applicable or you wish to not...","QuestionText":"If you have declared it, please indicate what your major is.&nbsp; If not applicable or you wish to not answer, you may leave this item blank and still continue.","QuestionText_Unsafe":"If you have declared it, please indicate what your major is.&nbsp; If not applicable or you wish to not answer, you may leave this item blank and still continue.","QuestionType":"TE","SearchSource":{"AllowFreeResponse":"false"},"Selector":"SL","Validation":{"Settings":{"ForceResponse":"OFF","Type":"None"}},"DataExportTag":"D_CollegeMajor","QuestionID":"QID1315354479"}},{"SurveyID":"SV_e9CAWi3XIOKlURU","Element":"SQ","PrimaryAttribute":"QID177","SecondaryAttribute":"If you read the New York Times, which sections do you like to read?","TertiaryAttribute":null,"Payload":{"QuestionText":"If you read the New York Times, which sections do you like to read?","DataExportTag":"H_07","QuestionType":"MC","Selector":"MACOL","SubSelector":"TX","Configuration":{"QuestionDescriptionOption":"UseText","NumColumns":3},"QuestionDescription":"If you read the New York Times, which sections do you like to read?","Choices":{"1":{"Display":"World"},"2":{"Display":"United States"},"3":{"Display":"Politics"},"4":{"Display":"New York"},"5":{"Display":"Business"},"6":{"Display":"Opinion"},"7":{"Display":"Tech"},"8":{"Display":"Science"},"9":{"Display":"Health"},"10":{"Display":"Sports"},"11":{"Display":"Arts"},"12":{"Display":"Books"},"13":{"Display":"Style"},"14":{"Display":"Food"},"15":{"Display":"Travel"},"16":{"Display":"Magazine"},"17":{"Display":"T: The New York Times Style Magazine"},"18":{"Display":"Real Estate"}},"ChoiceOrder":["1","2","3","4","5","6","7","8","9","10","11","12","13","14","15","16","17","18"],"Validation":{"Settings":{"ForceResponse":"OFF","ForceResponseType":"ON","Type":"None"}},"Language":[],"NextChoiceId":19,"NextAnswerId":1,"QuestionID":"QID177","DataVisibility":{"Private":false,"Hidden":false}}},{"SurveyID":"SV_e9CAWi3XIOKlURU","Element":"SQ","PrimaryAttribute":"QID234","SecondaryAttribute":"If you selected \"Other\" above, please briefly explain. You can also use this space to provide mor...","TertiaryAttribute":null,"Payload":{"QuestionText":"If you selected \"Other\" above, please briefly explain.&nbsp; You can also use this space to provide more detail about your selections if you feel it is necessary, such as explaining why if you selected \"Not Applicable.\"","DefaultChoices":false,"QuestionType":"TE","Selector":"ESTB","Configuration":{"QuestionDescriptionOption":"UseText","InputWidth":680,"InputHeight":89},"QuestionDescription":"If you selected \"Other\" above, please briefly explain. You can also use this space to provide mor...","Validation":{"Settings":{"ForceResponse":"OFF","ForceResponseType":"ON","Type":"None"}},"GradingData":[],"Language":[],"NextChoiceId":4,"NextAnswerId":1,"SearchSource":{"AllowFreeResponse":"false"},"DataVisibility":{"Private":false,"Hidden":false},"QuestionText_Unsafe":"If you selected \"Other\" above, please briefly explain.&nbsp; You can also use this space to provide more detail about your selections if you feel it is necessary, such as explaining why if you selected \"Not Applicable.\"","DataExportTag":"L_C4a","QuestionID":"QID234"}},{"SurveyID":"SV_e9CAWi3XIOKlURU","Element":"SQ","PrimaryAttribute":"QID243","SecondaryAttribute":"If you selected \"Other\", please enter the year or briefly explain why you chose other:","TertiaryAttribute":null,"Payload":{"QuestionText":"If you selected \"Other\", please enter the year or briefly explain why you chose other:","DefaultChoices":false,"DataExportTag":"L_C1b","QuestionType":"TE","Selector":"SL","Configuration":{"QuestionDescriptionOption":"UseText"},"QuestionDescription":"If you selected \"Other\", please enter the year or briefly explain why you chose other:","Validation":{"Settings":{"ForceResponse":"OFF","ForceResponseType":"ON","Type":"None"}},"GradingData":[],"Language":[],"NextChoiceId":4,"NextAnswerId":1,"SearchSource":{"AllowFreeResponse":"false"},"QuestionID":"QID243","DataVisibility":{"Private":false,"Hidden":false}}},{"SurveyID":"SV_e9CAWi3XIOKlURU","Element":"SQ","PrimaryAttribute":"QID176","SecondaryAttribute":"In general, when reading newspapers or news sites, which sections do you like to read?","TertiaryAttribute":null,"Payload":{"QuestionText":"In general, when reading newspapers or news sites, which sections do you like to read?","DataExportTag":"H_06","QuestionType":"MC","Selector":"MACOL","SubSelector":"TX","Configuration":{"QuestionDescriptionOption":"UseText","NumColumns":2},"QuestionDescription":"In general, when reading newspapers or news sites, which sections do you like to read?","Choices":{"1":{"Display":"World & National"},"2":{"Display":"Politics"},"3":{"Display":"Arts & Entertainment"},"4":{"Display":"Opinion"},"5":{"Display":"Tech"},"6":{"Display":"Business"},"7":{"Display":"Sports"},"8":{"Display":"Lifestyle"},"9":{"Display":"Travel"},"10":{"Display":"Science"}},"ChoiceOrder":["1","2","3","4","5","6","7","8","9","10"],"Validation":{"Settings":{"ForceResponse":"OFF","ForceResponseType":"ON","Type":"None"}},"Language":[],"NextChoiceId":11,"NextAnswerId":1,"QuestionID":"QID176","DataVisibility":{"Private":false,"Hidden":false}}},{"SurveyID":"SV_e9CAWi3XIOKlURU","Element":"SQ","PrimaryAttribute":"QID219","SecondaryAttribute":"In Kindergarten, which of these options describes your English education? (Select all that apply)","TertiaryAttribute":null,"Payload":{"QuestionText":"<span style=\"line-height: 115%; font-family: Calibri, sans-serif;\">In <b>Kindergarten<\/b>, which of these options describes your English education? (Select all that apply)<\/span>","QuestionType":"MC","Selector":"MAVR","SubSelector":"TX","Configuration":{"QuestionDescriptionOption":"UseText","NumColumns":2},"QuestionDescription":"In Kindergarten, which of these options describes your English education? (Select all that apply)","Choices":{"1":{"Display":"English was the subject of the class, for example learning English as a foreign language."},"2":{"Display":"English was used as the teaching language for other subjects, for example a math class taught in English."},"3":{"Display":"Other (If the choices above don't describe your situation or you have more to add please explain in the box below)","TextEntry":"true","TextEntrySize":"Medium"},"4":{"Display":"English was used as the teaching language for a course about an English subject, for example a class about English literature or grammar."}},"ChoiceOrder":["1","4","2","3"],"Validation":{"Settings":{"ForceResponse":"ON","ForceResponseType":"ON","Type":"None"}},"Language":[],"NextChoiceId":5,"NextAnswerId":1,"DisplayLogic":{"0":{"0":{"ChoiceLocator":"q:\/\/QID218\/SelectableChoice\/1","Description":"<span class=\"ConjDesc\">If<\/span> <span class=\"QuestionDesc\">When you were in Kindergarten, did you have any form of English education?<\/span> <span class=\"LeftOpDesc\">Yes<\/span> <span class=\"OpDesc\">Is Selected<\/span> ","LeftOperand":"q:\/\/QID218\/SelectableChoice\/1","LogicType":"Question","Operator":"Selected","QuestionID":"QID218","QuestionIDFromLocator":"QID218","QuestionIsInLoop":"no","Type":"Expression"},"Type":"If"},"Type":"BooleanExpression","inPage":false},"DataVisibility":{"Private":false,"Hidden":false},"QuestionText_Unsafe":"<span style=\"line-height: 115%; font-family: Calibri, sans-serif;\">In <b>Kindergarten<\/b>, which of these options describes your English education? (Select all that apply)<\/span>","DataExportTag":"L_B1a","QuestionID":"QID219"}},{"SurveyID":"SV_e9CAWi3XIOKlURU","Element":"SQ","PrimaryAttribute":"QID242","SecondaryAttribute":"In what month did you move to the United States? (approximate if needed)","TertiaryAttribute":null,"Payload":{"QuestionText":"In what month did you move to the United States? (approximate if needed)","DataExportTag":"L_C1c","QuestionType":"MC","Selector":"DL","Configuration":{"QuestionDescriptionOption":"UseText"},"QuestionDescription":"In what month did you move to the United States? (approximate if needed)","Choices":{"1":{"Display":"January"},"2":{"Display":"February"},"3":{"Display":"March"},"4":{"Display":"April"},"5":{"Display":"May"},"6":{"Display":"June"},"7":{"Display":"July"},"8":{"Display":"August"},"9":{"Display":"September"},"10":{"Display":"October"},"11":{"Display":"November"},"12":{"Display":"December"}},"ChoiceOrder":["1","2","3","4","5","6","7","8","9","10","11","12"],"Validation":{"Settings":{"ForceResponse":"ON","ForceResponseType":"ON","Type":"None"}},"Language":[],"NextChoiceId":13,"NextAnswerId":1,"QuestionID":"QID242","DataVisibility":{"Private":false,"Hidden":false}}},{"SurveyID":"SV_e9CAWi3XIOKlURU","Element":"SQ","PrimaryAttribute":"QID244","SecondaryAttribute":"In what year did you move to the United States?","TertiaryAttribute":null,"Payload":{"QuestionText":"In what year did you move to the United States?","DefaultChoices":false,"DataExportTag":"L_C1a","QuestionType":"MC","Selector":"DL","Configuration":{"QuestionDescriptionOption":"UseText"},"QuestionDescription":"In what year did you move to the United States?","Choices":{"1":{"Display":"1995"},"2":{"Display":"1996"},"3":{"Display":"1997"},"4":{"Display":"1998"},"5":{"Display":"1999"},"6":{"Display":"2000"},"7":{"Display":"2001"},"8":{"Display":"2002"},"9":{"Display":"2003"},"10":{"Display":"2004"},"11":{"Display":"2005"},"12":{"Display":"2006"},"13":{"Display":"2007"},"14":{"Display":"2008"},"15":{"Display":"2009"},"16":{"Display":"2010"},"17":{"Display":"2011"},"18":{"Display":"2012"},"19":{"Display":"2013"},"20":{"Display":"2014"},"21":{"Display":"2015"},"22":{"Display":"2016"},"23":{"Display":"2017"},"24":{"Display":"2018"},"25":{"Display":"2019"},"26":{"Display":"2020"},"27":{"Display":"2021"},"28":{"Display":"Other"}},"ChoiceOrder":["1","2","3","4","5","6","7","8","9","10","11","12","13","14","15","16","17","18","19","20","21","22","23","24","25","26","27","28"],"Validation":{"Settings":{"ForceResponse":"ON","ForceResponseType":"ON","Type":"None"}},"GradingData":[],"Language":[],"NextChoiceId":30,"NextAnswerId":1,"QuestionID":"QID244"}},{"SurveyID":"SV_e9CAWi3XIOKlURU","Element":"SQ","PrimaryAttribute":"QID222","SecondaryAttribute":"In\u00a0elementary school, which of these options describes your English education? (Select all that a..","TertiaryAttribute":null,"Payload":{"QuestionText":"<span style=\"font-family: Calibri, sans-serif;\">In&nbsp;<\/span><span style=\"font-weight: bolder;\">elementary school<\/span><span style=\"font-family: Calibri, sans-serif;\">, which of these options describes your English education? (Select all that apply)<\/span>","QuestionType":"MC","Selector":"MAVR","SubSelector":"TX","DataVisibility":{"Private":false,"Hidden":false},"Configuration":{"QuestionDescriptionOption":"UseText","NumColumns":2},"QuestionDescription":"In\u00a0elementary school, which of these options describes your English education? (Select all that a...","Choices":{"1":{"Display":"English was the subject of the class, for example learning English as a foreign language."},"2":{"Display":"English was used as the teaching language for other subjects, for example a math class taught in English."},"3":{"Display":"Other (If the choices above don't describe your situation or you have more to add please explain in the box below)","TextEntry":"true","TextEntrySize":"Medium"},"4":{"Display":"English was used as the teaching language for a course about an English subject, for example a class about English literature or grammar."}},"ChoiceOrder":["1","4","2","3"],"Validation":{"Settings":{"ForceResponse":"ON","ForceResponseType":"ON","Type":"None"}},"Language":[],"NextChoiceId":5,"NextAnswerId":1,"DisplayLogic":{"0":{"0":{"ChoiceLocator":"q:\/\/QID221\/SelectableChoice\/1","Description":"<span class=\"ConjDesc\">If<\/span> <span class=\"QuestionDesc\">When you were in elementary school, did you have any form of English education?<\/span> <span class=\"LeftOpDesc\">Yes<\/span> <span class=\"OpDesc\">Is Selected<\/span> ","LeftOperand":"q:\/\/QID221\/SelectableChoice\/1","LogicType":"Question","Operator":"Selected","QuestionID":"QID221","QuestionIDFromLocator":"QID221","QuestionIsInLoop":"no","Type":"Expression"},"Type":"If"},"Type":"BooleanExpression","inPage":false},"QuestionText_Unsafe":"<span style=\"font-family: Calibri, sans-serif;\">In&nbsp;<\/span><span style=\"font-weight: bolder;\">elementary school<\/span><span style=\"font-family: Calibri, sans-serif;\">, which of these options describes your English education? (Select all that apply)<\/span>","DataExportTag":"L_B2a","QuestionID":"QID222"}},{"SurveyID":"SV_e9CAWi3XIOKlURU","Element":"SQ","PrimaryAttribute":"QID228","SecondaryAttribute":"In\u00a0high school, which of these options describes your English education? (Select all that apply)","TertiaryAttribute":null,"Payload":{"QuestionText":"<span style=\"font-family: Calibri, sans-serif;\">In&nbsp;<\/span><span style=\"font-weight: bolder;\">high school<\/span><span style=\"font-family: Calibri, sans-serif;\">, which of these options describes your English education? (Select all that apply)<\/span>","QuestionType":"MC","Selector":"MAVR","SubSelector":"TX","DataVisibility":{"Private":false,"Hidden":false},"Configuration":{"QuestionDescriptionOption":"UseText","NumColumns":2},"QuestionDescription":"In\u00a0high school, which of these options describes your English education? (Select all that apply)","Choices":{"1":{"Display":"English was the subject of the class, for example learning English as a foreign language."},"2":{"Display":"English was used as the teaching language for other subjects, for example a math class taught in English."},"3":{"Display":"Other (If the choices above don't describe your situation or you have more to add please explain in the box below)","TextEntry":"true","TextEntrySize":"Medium"},"4":{"Display":"English was used as the teaching language for a course about an English subject, for example a class about English literature or grammar."}},"ChoiceOrder":[1,"4",2,3],"Validation":{"Settings":{"ForceResponse":"ON","ForceResponseType":"ON","Type":"None"}},"Language":[],"NextChoiceId":5,"NextAnswerId":1,"DisplayLogic":{"0":{"0":{"ChoiceLocator":"q:\/\/QID227\/SelectableChoice\/1","Description":"<span class=\"ConjDesc\">If<\/span> <span class=\"QuestionDesc\">When you were in high school, did you have any form of English education?<\/span> <span class=\"LeftOpDesc\">Yes<\/span> <span class=\"OpDesc\">Is Selected<\/span> ","LeftOperand":"q:\/\/QID227\/SelectableChoice\/1","LogicType":"Question","Operator":"Selected","QuestionID":"QID227","QuestionIDFromLocator":"QID227","QuestionIsInLoop":"no","Type":"Expression"},"Type":"If"},"Type":"BooleanExpression","inPage":false},"QuestionText_Unsafe":"<span style=\"font-family: Calibri, sans-serif;\">In&nbsp;<\/span><span style=\"font-weight: bolder;\">high school<\/span><span style=\"font-family: Calibri, sans-serif;\">, which of these options describes your English education? (Select all that apply)<\/span>","DataExportTag":"L_B4a","QuestionID":"QID228"}},{"SurveyID":"SV_e9CAWi3XIOKlURU","Element":"SQ","PrimaryAttribute":"QID225","SecondaryAttribute":"In\u00a0middle school, which of these options describes your English education? (Select all that apply)","TertiaryAttribute":null,"Payload":{"QuestionText":"<span style=\"font-family: Calibri, sans-serif;\">In&nbsp;<\/span><span style=\"font-weight: bolder;\">middle school<\/span><span style=\"font-family: Calibri, sans-serif;\">, which of these options describes your English education? (Select all that apply)<\/span>","QuestionType":"MC","Selector":"MAVR","SubSelector":"TX","DataVisibility":{"Private":false,"Hidden":false},"Configuration":{"QuestionDescriptionOption":"UseText","NumColumns":2},"QuestionDescription":"In\u00a0middle school, which of these options describes your English education? (Select all that apply)","Choices":{"1":{"Display":"English was the subject of the class, for example learning English as a foreign language."},"2":{"Display":"English was used as the teaching language for other subjects, for example a math class taught in English."},"3":{"Display":"Other (If the choices above don't describe your situation or you have more to add please explain in the box below)","TextEntry":"true","TextEntrySize":"Medium"},"4":{"Display":"English was used as the teaching language for a course about an English subject, for example a class about English literature or grammar."}},"ChoiceOrder":["1","4","2","3"],"Validation":{"Settings":{"ForceResponse":"ON","ForceResponseType":"ON","Type":"None"}},"Language":[],"NextChoiceId":5,"NextAnswerId":1,"DisplayLogic":{"0":{"0":{"ChoiceLocator":"q:\/\/QID224\/SelectableChoice\/1","Description":"<span class=\"ConjDesc\">If<\/span> <span class=\"QuestionDesc\">When you were in middle school, did you have any form of English education?<\/span> <span class=\"LeftOpDesc\">Yes<\/span> <span class=\"OpDesc\">Is Selected<\/span> ","LeftOperand":"q:\/\/QID224\/SelectableChoice\/1","LogicType":"Question","Operator":"Selected","QuestionID":"QID224","QuestionIDFromLocator":"QID224","QuestionIsInLoop":"no","Type":"Expression"},"Type":"If"},"Type":"BooleanExpression","inPage":false},"QuestionText_Unsafe":"<span style=\"font-family: Calibri, sans-serif;\">In&nbsp;<\/span><span style=\"font-weight: bolder;\">middle school<\/span><span style=\"font-family: Calibri, sans-serif;\">, which of these options describes your English education? (Select all that apply)<\/span>","DataExportTag":"L_B3a","QuestionID":"QID225"}},{"SurveyID":"SV_e9CAWi3XIOKlURU","Element":"SQ","PrimaryAttribute":"QID170","SecondaryAttribute":"Last week (on average), how many hours did you spend reading books for pleasure?","TertiaryAttribute":null,"Payload":{"QuestionText":"<p><b><u>Last week<\/u><\/b> (on average), how many hours did you spend reading books for pleasure?<o:p><\/o:p><\/p>","DataExportTag":"H_02","QuestionType":"MC","Selector":"SAHR","SubSelector":"TX","Configuration":{"QuestionDescriptionOption":"UseText","LabelPosition":"BELOW"},"QuestionDescription":"Last week (on average), how many hours did you spend reading books for pleasure?","Choices":{"1":{"Display":"less than 3.5 hours"},"2":{"Display":"3.5-7 hours"},"3":{"Display":"7-10.5 hours"},"4":{"Display":"10.5-14 hours"},"5":{"Display":"more than 14 hours"}},"ChoiceOrder":["1","2","3","4","5"],"Validation":{"Settings":{"ForceResponse":"ON","ForceResponseType":"ON","Type":"None"}},"Language":[],"NextChoiceId":6,"NextAnswerId":1,"QuestionID":"QID170","DataVisibility":{"Private":false,"Hidden":false}}},{"SurveyID":"SV_e9CAWi3XIOKlURU","Element":"SQ","PrimaryAttribute":"QID171","SecondaryAttribute":"Last week (on average), how many hours did you spend reading magazines for pleasure?","TertiaryAttribute":null,"Payload":{"QuestionText":"<b><u>Last week<\/u><\/b> (on average), how many hours did you spend reading magazines for pleasure?","DataExportTag":"H_03","QuestionType":"MC","Selector":"SAHR","SubSelector":"TX","Configuration":{"QuestionDescriptionOption":"UseText","LabelPosition":"BELOW"},"QuestionDescription":"Last week (on average), how many hours did you spend reading magazines for pleasure?","Choices":{"1":{"Display":"less than 3.5 hours"},"2":{"Display":"3.5-7 hours"},"3":{"Display":"7-10.5 hours"},"4":{"Display":"10.5-14 hours"},"5":{"Display":"more than 14 hours"}},"ChoiceOrder":["1","2","3","4","5"],"Validation":{"Settings":{"ForceResponse":"ON","ForceResponseType":"ON","Type":"None"}},"Language":[],"NextChoiceId":6,"NextAnswerId":1,"QuestionID":"QID171","DataVisibility":{"Private":false,"Hidden":false}}},{"SurveyID":"SV_e9CAWi3XIOKlURU","Element":"SQ","PrimaryAttribute":"QID173","SecondaryAttribute":"Last week (on average), how many hours did you spend reading newspapers or news sites?","TertiaryAttribute":null,"Payload":{"QuestionText":"<b><u>Last week<\/u><\/b> (on average), how many hours did you spend reading newspapers or news sites?","DataExportTag":"H_05","QuestionType":"MC","Selector":"SAHR","SubSelector":"TX","DataVisibility":{"Private":false,"Hidden":false},"Configuration":{"QuestionDescriptionOption":"UseText","LabelPosition":"BELOW"},"QuestionDescription":"Last week (on average), how many hours did you spend reading newspapers or news sites?","Choices":{"1":{"Display":"less than 3.5 hours"},"2":{"Display":"3.5-7 hours"},"3":{"Display":"7-10.5 hours"},"4":{"Display":"10.5-14 hours"},"5":{"Display":"more than 14 hours"}},"ChoiceOrder":["1","2","3","4","5"],"Validation":{"Settings":{"ForceResponse":"ON","ForceResponseType":"ON","Type":"None"}},"Language":[],"NextChoiceId":6,"NextAnswerId":1,"QuestionID":"QID173"}},{"SurveyID":"SV_e9CAWi3XIOKlURU","Element":"SQ","PrimaryAttribute":"QID164","SecondaryAttribute":"Please answer the demographics questions below.","TertiaryAttribute":null,"Payload":{"QuestionText":"Please answer the demographics questions below.","DefaultChoices":false,"DataExportTag":"D_Intro","QuestionType":"DB","Selector":"TB","Configuration":{"QuestionDescriptionOption":"UseText"},"QuestionDescription":"Please answer the demographics questions below.","ChoiceOrder":[],"Validation":{"Settings":{"Type":"None"}},"GradingData":[],"Language":[],"NextChoiceId":4,"NextAnswerId":1,"QuestionID":"QID164","QuestionJS":false,"DataVisibility":{"Private":false,"Hidden":false}}},{"SurveyID":"SV_e9CAWi3XIOKlURU","Element":"SQ","PrimaryAttribute":"QID168","SecondaryAttribute":"Please answer the following questions which pertain to your reading habits.","TertiaryAttribute":null,"Payload":{"QuestionText":"Please answer the following questions which pertain to your reading habits.","DefaultChoices":false,"DataExportTag":"H_Intro","QuestionType":"DB","Selector":"TB","Configuration":{"QuestionDescriptionOption":"UseText"},"QuestionDescription":"Please answer the following questions which pertain to your reading habits.","ChoiceOrder":[],"Validation":{"Settings":{"Type":"None"}},"GradingData":[],"Language":[],"NextChoiceId":4,"NextAnswerId":1,"QuestionID":"QID168","DataVisibility":{"Private":false,"Hidden":false}}},{"SurveyID":"SV_e9CAWi3XIOKlURU","Element":"SQ","PrimaryAttribute":"QID169","SecondaryAttribute":"Please estimate the number of hours you spent reading last week\u00a0(on average) in conjunction with...","TertiaryAttribute":null,"Payload":{"QuestionText":"Please estimate\nthe number of hours you spent reading <b><u>last week<\/u><\/b>&nbsp;(on average) in conjunction with your\nwork. (If you are a full-time student, you can consider that your job.)<p><o:p><\/o:p><\/p>","DataExportTag":"H_01","QuestionType":"MC","Selector":"SAHR","SubSelector":"TX","Configuration":{"QuestionDescriptionOption":"UseText","LabelPosition":"BELOW"},"QuestionDescription":"Please estimate the number of hours you spent reading last week\u00a0(on average) in conjunction with...","Choices":{"1":{"Display":"less than 5 hours"},"2":{"Display":"6-10 hours"},"3":{"Display":"11-15 hours"},"4":{"Display":"16-20 hours"},"5":{"Display":"more than 20 hours"}},"ChoiceOrder":["1","2","3","4","5"],"Validation":{"Settings":{"ForceResponse":"ON","ForceResponseType":"ON","Type":"None"}},"Language":[],"NextChoiceId":6,"NextAnswerId":1,"QuestionID":"QID169","DataVisibility":{"Private":false,"Hidden":false}}},{"SurveyID":"SV_e9CAWi3XIOKlURU","Element":"SQ","PrimaryAttribute":"QID239","SecondaryAttribute":"Please indicate the score you received on the exam(s):","TertiaryAttribute":null,"Payload":{"QuestionText":"Please indicate the score you received on the exam(s):","DefaultChoices":false,"QuestionType":"TE","Selector":"SL","DataVisibility":{"Private":false,"Hidden":false},"Configuration":{"QuestionDescriptionOption":"UseText"},"QuestionDescription":"Please indicate the score you received on the exam(s):","Validation":{"Settings":{"ForceResponse":"ON","ForceResponseType":"ON","Type":"None"}},"GradingData":[],"Language":[],"NextChoiceId":4,"NextAnswerId":1,"SearchSource":{"AllowFreeResponse":"false"},"DisplayLogic":{"0":{"0":{"ChoiceLocator":"q:\/\/QID236\/SelectableChoice\/1","Description":"<span class=\"ConjDesc\">If<\/span> <span class=\"QuestionDesc\">Did you take any exam that assessed your proficiency in English (Such as TOEFL)?<\/span> <span class=\"LeftOpDesc\">Yes<\/span> <span class=\"OpDesc\">Is Selected<\/span> ","LeftOperand":"q:\/\/QID236\/SelectableChoice\/1","LogicType":"Question","Operator":"Selected","QuestionID":"QID236","QuestionIDFromLocator":"QID236","QuestionIsInLoop":"no","Type":"Expression"},"Type":"If"},"Type":"BooleanExpression","inPage":false},"QuestionText_Unsafe":"Please indicate the score you received on the exam(s):","DataExportTag":"L_E1c","QuestionID":"QID239"}},{"SurveyID":"SV_e9CAWi3XIOKlURU","Element":"SQ","PrimaryAttribute":"QID238","SecondaryAttribute":"Please indicate what year you took the exam(s):","TertiaryAttribute":null,"Payload":{"QuestionText":"Please indicate what year you took the exam(s):","DefaultChoices":false,"QuestionType":"TE","Selector":"SL","DataVisibility":{"Private":false,"Hidden":false},"Configuration":{"QuestionDescriptionOption":"UseText"},"QuestionDescription":"Please indicate what year you took the exam(s):","Validation":{"Settings":{"ForceResponse":"ON","ForceResponseType":"ON","Type":"None"}},"GradingData":[],"Language":[],"NextChoiceId":4,"NextAnswerId":1,"SearchSource":{"AllowFreeResponse":"false"},"DisplayLogic":{"0":{"0":{"ChoiceLocator":"q:\/\/QID236\/SelectableChoice\/1","Description":"<span class=\"ConjDesc\">If<\/span> <span class=\"QuestionDesc\">Did you take any exam that assessed your proficiency in English (Such as TOEFL)?<\/span> <span class=\"LeftOpDesc\">Yes<\/span> <span class=\"OpDesc\">Is Selected<\/span> ","LeftOperand":"q:\/\/QID236\/SelectableChoice\/1","LogicType":"Question","Operator":"Selected","QuestionID":"QID236","QuestionIDFromLocator":"QID236","QuestionIsInLoop":"no","Type":"Expression"},"Type":"If"},"Type":"BooleanExpression","inPage":false},"QuestionText_Unsafe":"Please indicate what year you took the exam(s):","DataExportTag":"L_E1b","QuestionID":"QID238"}},{"SurveyID":"SV_e9CAWi3XIOKlURU","Element":"SQ","PrimaryAttribute":"QID1315354478","SecondaryAttribute":"Please indicate when you graduated from either college or graduate school (for example: \"Graduate...","TertiaryAttribute":null,"Payload":{"Configuration":{"InputHeight":29,"InputWidth":369,"QuestionDescriptionOption":"UseText"},"DataVisibility":{"Hidden":false,"Private":false},"DefaultChoices":false,"DisplayLogic":{"0":{"0":{"ChoiceLocator":"q:\/\/QID1315354474\/SelectableChoice\/10","Description":"<span class=\"ConjDesc\">If<\/span> <span class=\"QuestionDesc\">Please select the answer that best describes your current status as a student:<\/span> <span class=\"LeftOpDesc\">Graduated from either college or a graduate school program<\/span> <span class=\"OpDesc\">Is Selected<\/span> ","LeftOperand":"q:\/\/QID1315354474\/SelectableChoice\/10","LogicType":"Question","Operator":"Selected","QuestionID":"QID1315354474","QuestionIDFromLocator":"QID1315354474","QuestionIsInLoop":"no","Type":"Expression"},"Type":"If"},"Type":"BooleanExpression","inPage":false},"GradingData":[],"Language":[],"NextAnswerId":1,"NextChoiceId":4,"QuestionDescription":"Please indicate when you graduated from either college or graduate school (for example: \"Graduate...","QuestionText":"Please indicate when you graduated from either college or graduate school (for example: \"Graduate School December 2021\")","QuestionText_Unsafe":"Please indicate when you graduated from either college or graduate school (for example: \"Graduate School December 2021\")","QuestionType":"TE","SearchSource":{"AllowFreeResponse":"false"},"Selector":"SL","Validation":{"Settings":{"ForceResponse":"ON","ForceResponseType":"ON","Type":"None"}},"DataExportTag":"D_CollegeGraduated","QuestionID":"QID1315354478"}},{"SurveyID":"SV_e9CAWi3XIOKlURU","Element":"SQ","PrimaryAttribute":"QID237","SecondaryAttribute":"Please indicate which exam(s) you took:","TertiaryAttribute":null,"Payload":{"QuestionText":"Please indicate which exam(s) you took:","DefaultChoices":false,"QuestionType":"TE","Selector":"SL","DataVisibility":{"Private":false,"Hidden":false},"Configuration":{"QuestionDescriptionOption":"UseText"},"QuestionDescription":"Please indicate which exam(s) you took:","Validation":{"Settings":{"ForceResponse":"ON","ForceResponseType":"ON","Type":"None"}},"GradingData":[],"Language":[],"NextChoiceId":4,"NextAnswerId":1,"SearchSource":{"AllowFreeResponse":"false"},"DisplayLogic":{"0":{"0":{"ChoiceLocator":"q:\/\/QID236\/SelectableChoice\/1","Description":"<span class=\"ConjDesc\">If<\/span> <span class=\"QuestionDesc\">Did you take any exam that assessed your proficiency in English (Such as TOEFL)?<\/span> <span class=\"LeftOpDesc\">Yes<\/span> <span class=\"OpDesc\">Is Selected<\/span> ","LeftOperand":"q:\/\/QID236\/SelectableChoice\/1","LogicType":"Question","Operator":"Selected","QuestionID":"QID236","QuestionIDFromLocator":"QID236","QuestionIsInLoop":"no","Type":"Expression"},"Type":"If"},"Type":"BooleanExpression","inPage":false},"QuestionText_Unsafe":"Please indicate which exam(s) you took:","DataExportTag":"L_E1a","QuestionID":"QID237"}},{"SurveyID":"SV_e9CAWi3XIOKlURU","Element":"SQ","PrimaryAttribute":"QID235","SecondaryAttribute":"Please rate your proficiency in English (1 = beginner; 5 = native\/native-like)","TertiaryAttribute":null,"Payload":{"QuestionText":"Please rate your proficiency in English (1 = beginner; 5 = native\/native-like)","DefaultChoices":false,"QuestionType":"Matrix","Selector":"Likert","SubSelector":"SingleAnswer","DataVisibility":{"Private":false,"Hidden":false},"Configuration":{"QuestionDescriptionOption":"UseText","TextPosition":"inline","ChoiceColumnWidth":25,"RepeatHeaders":"none","WhiteSpace":"OFF","MobileFirst":true},"QuestionDescription":"Please rate your proficiency in English (1 = beginner; 5 = native\/native-like)","Choices":{"1":{"Display":"Listening"},"2":{"Display":"Speaking"},"3":{"Display":"Reading"},"4":{"Display":"Writing"}},"ChoiceOrder":[1,2,3,4],"Validation":{"Settings":{"ForceResponse":"ON","ForceResponseType":"ON","Type":"None"}},"GradingData":[],"Language":[],"NextChoiceId":5,"NextAnswerId":6,"Answers":{"1":{"Display":"1"},"2":{"Display":"2"},"3":{"Display":"3"},"4":{"Display":"4"},"5":{"Display":"5"}},"AnswerOrder":[1,2,3,4,5],"ChoiceDataExportTags":false,"QuestionText_Unsafe":"Please rate your proficiency in English (1 = beginner; 5 = native\/native-like)","DataExportTag":"L_D","QuestionID":"QID235"}},{"SurveyID":"SV_e9CAWi3XIOKlURU","Element":"SQ","PrimaryAttribute":"QID1315354477","SecondaryAttribute":"Please select the answer that best describes your current progress as a student in graduate schoo...","TertiaryAttribute":null,"Payload":{"AnalyzeChoices":{"6":"No"},"ChoiceOrder":["1","2","3","4","5","6"],"Choices":{"1":{"Display":"Year 1"},"2":{"Display":"Year 2"},"3":{"Display":"Year 3"},"4":{"Display":"Year 4"},"5":{"Display":"Year 5 or greater"},"6":{"Display":"Not applicable"}},"Configuration":{"QuestionDescriptionOption":"UseText"},"DataVisibility":{"Hidden":false,"Private":false},"DisplayLogic":{"0":{"0":{"ChoiceLocator":"q:\/\/QID1315354474\/SelectableChoice\/5","Description":"<span class=\"ConjDesc\">If<\/span> <span class=\"QuestionDesc\">Please select the answer that best describes your current status as a student:<\/span> <span class=\"LeftOpDesc\">Graduate school student<\/span> <span class=\"OpDesc\">Is Selected<\/span> ","LeftOperand":"q:\/\/QID1315354474\/SelectableChoice\/5","LogicType":"Question","Operator":"Selected","QuestionID":"QID1315354474","QuestionIDFromLocator":"QID1315354474","QuestionIsInLoop":"no","Type":"Expression"},"Type":"If"},"Type":"BooleanExpression","inPage":false},"Language":[],"NextAnswerId":1,"NextChoiceId":7,"QuestionDescription":"Please select the answer that best describes your current progress as a student in graduate schoo...","QuestionText":"Please select the answer that best describes your current progress as a student in graduate school. (If none of the options describe you, select \"Not Applicable\")","QuestionText_Unsafe":"Please select the answer that best describes your current progress as a student in graduate school. (If none of the options describe you, select \"Not Applicable\")","QuestionType":"MC","Selector":"SAVR","SubSelector":"TX","Validation":{"Settings":{"ForceResponse":"ON","ForceResponseType":"ON","Type":"None"}},"DataExportTag":"D_GradYear","QuestionID":"QID1315354477"}},{"SurveyID":"SV_e9CAWi3XIOKlURU","Element":"SQ","PrimaryAttribute":"QID1315354476","SecondaryAttribute":"Please select the answer that best describes your current progress as an undergraduate\/college st...","TertiaryAttribute":null,"Payload":{"AnalyzeChoices":{"6":"No"},"ChoiceOrder":["1","2","3","4","5","8","6"],"Choices":{"1":{"Display":"First year (freshman)"},"2":{"Display":"Second year (sophomore)"},"3":{"Display":"Third year (junior)"},"4":{"Display":"Fourth year (senior)"},"5":{"Display":"Fifth year"},"6":{"Display":"Not Applicable"},"8":{"Display":"Sixth year (or higher)"}},"Configuration":{"QuestionDescriptionOption":"UseText"},"DataVisibility":{"Hidden":false,"Private":false},"DisplayLogic":{"0":{"0":{"ChoiceLocator":"q:\/\/QID1315354474\/SelectableChoice\/3","Description":"<span class=\"ConjDesc\">If<\/span> <span class=\"QuestionDesc\">Please select the answer that best describes your current status as a student:<\/span> <span class=\"LeftOpDesc\">Undergraduate\/college student<\/span> <span class=\"OpDesc\">Is Selected<\/span> ","LeftOperand":"q:\/\/QID1315354474\/SelectableChoice\/3","LogicType":"Question","Operator":"Selected","QuestionID":"QID1315354474","QuestionIDFromLocator":"QID1315354474","QuestionIsInLoop":"no","Type":"Expression"},"Type":"If"},"Type":"BooleanExpression","inPage":false},"Language":[],"NextAnswerId":1,"NextChoiceId":9,"QuestionDescription":"Please select the answer that best describes your current progress as an undergraduate\/college st...","QuestionText":"Please select the answer that best describes your current progress as an undergraduate\/college student. (If none of the options describe you, select \"Not Applicable\")","QuestionText_Unsafe":"Please select the answer that best describes your current progress as an undergraduate\/college student. (If none of the options describe you, select \"Not Applicable\")","QuestionType":"MC","Selector":"SAVR","SubSelector":"TX","Validation":{"Settings":{"ForceResponse":"ON","ForceResponseType":"ON","Type":"None"}},"DataExportTag":"D_CollegeYear","QuestionID":"QID1315354476"}},{"SurveyID":"SV_e9CAWi3XIOKlURU","Element":"SQ","PrimaryAttribute":"QID1315354474","SecondaryAttribute":"Please select the answer that best describes your current status as a student:","TertiaryAttribute":null,"Payload":{"ChoiceOrder":["1","3","5","10","6"],"Choices":{"1":{"Display":"Incoming college student"},"3":{"Display":"Undergraduate\/college student"},"5":{"Display":"Graduate school student"},"6":{"Display":"Never attended college"},"10":{"Display":"Graduated from either college or a graduate school program"}},"Configuration":{"QuestionDescriptionOption":"UseText"},"DataVisibility":{"Hidden":false,"Private":false},"Language":[],"NextAnswerId":1,"NextChoiceId":12,"QuestionDescription":"Please select the answer that best describes your current status as a student:","QuestionText":"Please select the answer that best describes your current status as a student:","QuestionText_Unsafe":"Please select the answer that best describes your current status as a student:","QuestionType":"MC","Selector":"SAVR","SubSelector":"TX","Validation":{"Settings":{"ForceResponse":"ON","ForceResponseType":"ON","Type":"None"}},"DataExportTag":"D_CollegeStatus","QuestionID":"QID1315354474"}},{"SurveyID":"SV_e9CAWi3XIOKlURU","Element":"SQ","PrimaryAttribute":"QID207","SecondaryAttribute":"This portion of the survey will ask you information about your language history.\u00a0 Please answer a..","TertiaryAttribute":null,"Payload":{"QuestionText":"This portion of the survey will ask you information about your language history.&nbsp; Please answer as thoroughly as you can when able, we would like to get as much information as possible.&nbsp;&nbsp;<div><br><\/div><div>The questions displayed will change based on your answers so you will have multiple pages of questions.<\/div>","DefaultChoices":false,"QuestionType":"DB","Selector":"TB","Configuration":{"QuestionDescriptionOption":"UseText"},"QuestionDescription":"This portion of the survey will ask you information about your language history.\u00a0 Please answer a...","ChoiceOrder":[],"Validation":{"Settings":{"Type":"None"}},"GradingData":[],"Language":[],"NextChoiceId":11,"NextAnswerId":1,"QuestionText_Unsafe":"This questionnaire will ask you information about your language history.&nbsp; Please answer as thoroughly as you can when able, we would like to get as much information as possible.&nbsp;&nbsp;<div><br><\/div><div>The questions displayed will change based on your answers so you will have multiple pages of questions.<\/div>","DataExportTag":"L_Intro","QuestionID":"QID207","DataVisibility":{"Private":false,"Hidden":false}}},{"SurveyID":"SV_e9CAWi3XIOKlURU","Element":"SQ","PrimaryAttribute":"QID233","SecondaryAttribute":"What grade were you placed in upon moving to the United States? ","TertiaryAttribute":null,"Payload":{"QuestionText":"What grade were you placed in upon moving to the United States?&nbsp;&nbsp;","QuestionType":"MC","Selector":"DL","Configuration":{"QuestionDescriptionOption":"UseText","NumColumns":7},"QuestionDescription":"What grade were you placed in upon moving to the United States? ","Choices":{"1":{"Display":"Kindergarten"},"2":{"Display":"1st Grade"},"3":{"Display":"2nd Grade"},"4":{"Display":"3rd Grade"},"5":{"Display":"4th Grade"},"6":{"Display":"5th Grade"},"7":{"Display":"6th Grade"},"8":{"Display":"7th Grade"},"9":{"Display":"8th Grade"},"10":{"Display":"9th Grade"},"11":{"Display":"10th Grade"},"12":{"Display":"11th Grade"},"13":{"Display":"12th Grade"},"14":{"Display":"College (Freshman\/First Year)"},"15":{"Display":"College (Sophmore\/Second Year)"},"16":{"Display":"College (Junior\/Third Year)"},"17":{"Display":"College (Senior\/Fourth Year)"},"18":{"Display":"Not Applicable"},"19":{"Display":"Other","TextEntry":"true","TextEntrySize":"Medium"}},"ChoiceOrder":[1,2,3,4,5,6,7,8,9,10,11,12,13,14,15,16,17,18,19],"Validation":{"Settings":{"ForceResponse":"ON","ForceResponseType":"ON","Type":"None"}},"Language":[],"NextChoiceId":20,"NextAnswerId":1,"AnalyzeChoices":{"19":"on","18":"on"},"DataVisibility":{"Private":false,"Hidden":false},"QuestionText_Unsafe":"What grade were you placed in upon moving to the United States?&nbsp;&nbsp;","DataExportTag":"L_C4","QuestionID":"QID233"}},{"SurveyID":"SV_e9CAWi3XIOKlURU","Element":"SQ","PrimaryAttribute":"QID1315354480","SecondaryAttribute":"What is the name of the graduate program and department you are in? If not applicable or you wish...","TertiaryAttribute":null,"Payload":{"Configuration":{"QuestionDescriptionOption":"UseText"},"DefaultChoices":false,"GradingData":[],"Language":[],"NextAnswerId":1,"NextChoiceId":4,"QuestionDescription":"What is the name of the graduate program and department you are in? If not applicable or you wish...","QuestionText":"What is the name of the graduate program and department you are in?&nbsp;&nbsp;If not applicable or you wish to not answer, you may leave this item blank and still continue.","QuestionText_Unsafe":"What is the name of the graduate program and department you are in?","QuestionType":"TE","SearchSource":{"AllowFreeResponse":"false"},"Selector":"SL","Validation":{"Settings":{"ForceResponse":"OFF","Type":"None"}},"DataVisibility":{"Private":false,"Hidden":false},"DisplayLogic":{"0":{"0":{"ChoiceLocator":"q:\/\/QID1315354474\/SelectableChoice\/5","Description":"<span class=\"ConjDesc\">If<\/span> <span class=\"QuestionDesc\">Please select the answer that best describes your current status as a student:<\/span> <span class=\"LeftOpDesc\">Graduate school student<\/span> <span class=\"OpDesc\">Is Selected<\/span> ","LeftOperand":"q:\/\/QID1315354474\/SelectableChoice\/5","LogicType":"Question","Operator":"Selected","QuestionID":"QID1315354474","QuestionIDFromLocator":"QID1315354474","QuestionIsInLoop":"no","Type":"Expression"},"Type":"If"},"Type":"BooleanExpression","inPage":false},"DataExportTag":"D_GradProgram","QuestionID":"QID1315354480"}},{"SurveyID":"SV_e9CAWi3XIOKlURU","Element":"SQ","PrimaryAttribute":"QID167","SecondaryAttribute":"What is your age?","TertiaryAttribute":null,"Payload":{"QuestionText":"What is your age?","DefaultChoices":false,"DataExportTag":"D_Age","QuestionType":"TE","Selector":"SL","Configuration":{"QuestionDescriptionOption":"UseText","InputWidth":60,"InputHeight":29},"QuestionDescription":"What is your age?","Validation":{"Settings":{"ForceResponse":"ON","ForceResponseType":"ON","Type":"None","ContentType":null,"ValidDateType":"DateWithFormat","ValidPhoneType":"ValidUSPhone","ValidZipType":"ValidUSZip"}},"GradingData":[],"Language":[],"NextChoiceId":4,"NextAnswerId":1,"SearchSource":{"AllowFreeResponse":"false"},"QuestionID":"QID167","DataVisibility":{"Private":false,"Hidden":false}}},{"SurveyID":"SV_e9CAWi3XIOKlURU","Element":"SQ","PrimaryAttribute":"QID166","SecondaryAttribute":"What is your gender\/sex?","TertiaryAttribute":null,"Payload":{"QuestionText":"What is your gender\/sex?","DataExportTag":"D_Sex","QuestionType":"MC","Selector":"SAHR","SubSelector":"TX","Configuration":{"QuestionDescriptionOption":"UseText","LabelPosition":"BELOW"},"QuestionDescription":"What is your gender\/sex?","Choices":{"1":{"Display":"Female"},"2":{"Display":"Male"},"3":{"Display":"Other"}},"ChoiceOrder":["1","2","3"],"Validation":{"Settings":{"ForceResponse":"ON","ForceResponseType":"ON","Type":"None"}},"Language":[],"NextChoiceId":4,"NextAnswerId":1,"QuestionID":"QID166","DataVisibility":{"Private":false,"Hidden":false}}},{"SurveyID":"SV_e9CAWi3XIOKlURU","Element":"SQ","PrimaryAttribute":"QID209","SecondaryAttribute":"What is your native language? (The language you learned first and are most fluent in)","TertiaryAttribute":null,"Payload":{"QuestionText":"<div>What is your <b>native <\/b>language? (The language you learned first and are most fluent in)<\/div>","DefaultChoices":false,"QuestionType":"TE","Selector":"SL","Configuration":{"QuestionDescriptionOption":"UseText","InputWidth":241,"InputHeight":29},"QuestionDescription":"What is your native language? (The language you learned first and are most fluent in)","Validation":{"Settings":{"ForceResponse":"ON","ForceResponseType":"ON","Type":"None"}},"GradingData":[],"Language":[],"NextChoiceId":4,"NextAnswerId":1,"SearchSource":{"AllowFreeResponse":"false"},"DataVisibility":{"Private":false,"Hidden":false},"QuestionText_Unsafe":"<div>What is your <b>native <\/b>language? (The language you learned first and are most fluent in)<\/div>","DataExportTag":"L_A1","QuestionID":"QID209"}},{"SurveyID":"SV_e9CAWi3XIOKlURU","Element":"SQ","PrimaryAttribute":"QID1315354473","SecondaryAttribute":"What is your native language? (the language you learned first)","TertiaryAttribute":null,"Payload":{"QuestionText":"What is your native language? (the language you learned first)","DefaultChoices":false,"QuestionType":"TE","Selector":"SL","Configuration":{"QuestionDescriptionOption":"UseText","InputWidth":228,"InputHeight":29},"QuestionDescription":"What is your native language? (the language you learned first)","Validation":{"Settings":{"ForceResponse":"OFF","Type":"None"}},"GradingData":[],"Language":[],"NextChoiceId":4,"NextAnswerId":1,"SearchSource":{"AllowFreeResponse":"false"},"QuestionText_Unsafe":"What is your native language? (the language you learned first)","DataExportTag":"D_Language","QuestionID":"QID1315354473","DataVisibility":{"Private":false,"Hidden":false}}},{"SurveyID":"SV_e9CAWi3XIOKlURU","Element":"SQ","PrimaryAttribute":"QID212","SecondaryAttribute":"What is your second language? (The language you learned second and are most fluent in after your...","TertiaryAttribute":null,"Payload":{"QuestionText":"<div>What is your <b>second <\/b>language? (The language you learned second and are most fluent in after your native language)<\/div>","DefaultChoices":false,"QuestionType":"TE","Selector":"SL","DataVisibility":{"Private":false,"Hidden":false},"Configuration":{"QuestionDescriptionOption":"UseText","InputWidth":241,"InputHeight":29},"QuestionDescription":"What is your second language? (The language you learned second and are most fluent in after your...","Validation":{"Settings":{"ForceResponse":"ON","ForceResponseType":"ON","Type":"None"}},"GradingData":[],"Language":[],"NextChoiceId":4,"NextAnswerId":1,"SearchSource":{"AllowFreeResponse":"false"},"DisplayLogic":{"0":{"0":{"ChoiceLocator":"q:\/\/QID208\/SelectableChoice\/1","Description":"<span class=\"ConjDesc\">If<\/span> <span class=\"QuestionDesc\">How many languages have you learned?<\/span> <span class=\"LeftOpDesc\">1 language<\/span> <span class=\"OpDesc\">Is Not Selected<\/span> ","LeftOperand":"q:\/\/QID208\/SelectableChoice\/1","LogicType":"Question","Operator":"NotSelected","QuestionID":"QID208","QuestionIDFromLocator":"QID208","QuestionIsInLoop":"no","Type":"Expression"},"Type":"If"},"Type":"BooleanExpression","inPage":false},"QuestionText_Unsafe":"<div>What is your <b>second <\/b>language? (The language you learned second and are most fluent in after your native language)<\/div>","DataExportTag":"L_A2","QuestionID":"QID212"}},{"SurveyID":"SV_e9CAWi3XIOKlURU","Element":"SQ","PrimaryAttribute":"QID215","SecondaryAttribute":"What is your third language? (The language you learned third and are most fluent in after your fi...","TertiaryAttribute":null,"Payload":{"QuestionText":"<div>What is your <b>third <\/b>language? (The language you learned third and are most fluent in after your first and second languages)<\/div><div>If you know more than three languages, pick the one you are most fluent in after your second language.<\/div>","DefaultChoices":false,"QuestionType":"TE","Selector":"SL","DataVisibility":{"Private":false,"Hidden":false},"Configuration":{"QuestionDescriptionOption":"UseText","InputWidth":241,"InputHeight":29},"QuestionDescription":"What is your third language? (The language you learned third and are most fluent in after your fi...","Validation":{"Settings":{"ForceResponse":"ON","ForceResponseType":"ON","Type":"None"}},"GradingData":[],"Language":[],"NextChoiceId":4,"NextAnswerId":1,"SearchSource":{"AllowFreeResponse":"false"},"InPageDisplayLogic":{"0":{"0":{"ChoiceLocator":"q:\/\/QID208\/SelectableChoice\/1","Description":"<span class=\"ConjDesc\">If<\/span> <span class=\"QuestionDesc\">How many languages have you learned?<\/span> <span class=\"LeftOpDesc\">1 language<\/span> <span class=\"OpDesc\">Is Not Selected<\/span> ","LeftOperand":"q:\/\/QID208\/SelectableChoice\/1","LogicType":"Question","Operator":"NotSelected","QuestionID":"QID208","QuestionIDFromLocator":"QID208","QuestionIsInLoop":"no","Type":"Expression"},"1":{"ChoiceLocator":"q:\/\/QID208\/SelectableChoice\/2","Conjuction":"And","Description":"<span class=\"ConjDesc\">And<\/span> <span class=\"QuestionDesc\">How many languages have you learned?<\/span> <span class=\"LeftOpDesc\">2 languages<\/span> <span class=\"OpDesc\">Is Not Selected<\/span> ","LeftOperand":"q:\/\/QID208\/SelectableChoice\/2","LogicType":"Question","Operator":"NotSelected","QuestionID":"QID208","QuestionIDFromLocator":"QID208","QuestionIsInLoop":"no","Type":"Expression"},"Type":"If"},"Type":"BooleanExpression","inPage":true},"QuestionText_Unsafe":"<div>What is your <b>third <\/b>language? (The language you learned third and are most fluent in after your first and second languages)<\/div><div>If you know more than three languages, pick the one you are most fluent in after your second language.<\/div>","DataExportTag":"L_A3","QuestionID":"QID215"}},{"SurveyID":"SV_e9CAWi3XIOKlURU","Element":"SQ","PrimaryAttribute":"QID174","SecondaryAttribute":"What newspapers or new sites do you read?","TertiaryAttribute":null,"Payload":{"QuestionText":"What newspapers or new sites do you read?","DataExportTag":"H_04","QuestionType":"MC","Selector":"MACOL","SubSelector":"TX","Configuration":{"QuestionDescriptionOption":"UseText","NumColumns":3},"QuestionDescription":"What newspapers or new sites do you read?","Choices":{"1":{"Display":"USA Today"},"2":{"Display":"The Wall Street Journal"},"3":{"Display":"The New York Times"},"4":{"Display":"New York Post"},"5":{"Display":"Los Angeles Times"},"6":{"Display":"The Washington Post"},"7":{"Display":"Huffington Post"},"8":{"Display":"CNN"},"9":{"Display":"Fox News"},"10":{"Display":"NBC News"},"11":{"Display":"BBC News"},"12":{"Display":"The Guardian"},"13":{"Display":"ABC News"},"14":{"Display":"MSNBC"},"15":{"Display":"Other","TextEntry":"true"}},"ChoiceOrder":["1","2","3","4","5","6","7","8","9","10","11","12","13","14","15"],"Validation":{"Settings":{"ForceResponse":"OFF","ForceResponseType":"ON","Type":"None"}},"Language":[],"NextChoiceId":16,"NextAnswerId":1,"QuestionID":"QID174","DataVisibility":{"Private":false,"Hidden":false}}},{"SurveyID":"SV_e9CAWi3XIOKlURU","Element":"SQ","PrimaryAttribute":"QID232","SecondaryAttribute":"When you moved to the United States, what \"stage of school\" were you first entered into?","TertiaryAttribute":null,"Payload":{"QuestionText":"When you moved to the United States, what \"stage of school\" were you first entered into?","QuestionType":"MC","Selector":"DL","Configuration":{"QuestionDescriptionOption":"UseText"},"QuestionDescription":"When you moved to the United States, what \"stage of school\" were you first entered into?","Choices":{"1":{"Display":"Kindergarten or earlier"},"2":{"Display":"Elementary School"},"3":{"Display":"Middle School"},"4":{"Display":"High School"},"5":{"Display":"College (Undergraduate)"},"6":{"Display":"Graduate School"}},"ChoiceOrder":[1,2,3,4,5,6],"Validation":{"Settings":{"ForceResponse":"ON","ForceResponseType":"ON","Type":"None"}},"Language":[],"NextChoiceId":7,"NextAnswerId":1,"DataVisibility":{"Private":false,"Hidden":false},"QuestionText_Unsafe":"When you moved to the United States, what \"stage of school\" were you first entered into?","DataExportTag":"L_C3","QuestionID":"QID232"}},{"SurveyID":"SV_e9CAWi3XIOKlURU","Element":"SQ","PrimaryAttribute":"QID221","SecondaryAttribute":"When you were in elementary school, did you have any form of English education?","TertiaryAttribute":null,"Payload":{"QuestionText":"When you were in <b>elementary school<\/b>, did you have any form of English education?","QuestionType":"MC","Selector":"SAVR","SubSelector":"TX","DataVisibility":{"Private":false,"Hidden":false},"Configuration":{"QuestionDescriptionOption":"UseText"},"QuestionDescription":"When you were in elementary school, did you have any form of English education?","Choices":{"1":{"Display":"Yes"},"2":{"Display":"No"}},"ChoiceOrder":[1,2],"Validation":{"Settings":{"ForceResponse":"ON","ForceResponseType":"ON","Type":"None"}},"Language":[],"NextChoiceId":3,"NextAnswerId":1,"QuestionText_Unsafe":"When you were in <b>elementary school<\/b>, did you have any form of English education?","DataExportTag":"L_B2","QuestionID":"QID221"}},{"SurveyID":"SV_e9CAWi3XIOKlURU","Element":"SQ","PrimaryAttribute":"QID227","SecondaryAttribute":"When you were in high school, did you have any form of English education?","TertiaryAttribute":null,"Payload":{"QuestionText":"When you were in <b>high school<\/b>, did you have any form of English education?","QuestionType":"MC","Selector":"SAVR","SubSelector":"TX","DataVisibility":{"Private":false,"Hidden":false},"Configuration":{"QuestionDescriptionOption":"UseText"},"QuestionDescription":"When you were in high school, did you have any form of English education?","Choices":{"1":{"Display":"Yes"},"2":{"Display":"No"}},"ChoiceOrder":[1,2],"Validation":{"Settings":{"ForceResponse":"ON","ForceResponseType":"ON","Type":"None"}},"Language":[],"NextChoiceId":3,"NextAnswerId":1,"QuestionText_Unsafe":"When you were in <b>high school<\/b>, did you have any form of English education?","DataExportTag":"L_B4","QuestionID":"QID227"}},{"SurveyID":"SV_e9CAWi3XIOKlURU","Element":"SQ","PrimaryAttribute":"QID218","SecondaryAttribute":"When you were in Kindergarten, did you have any form of English education?","TertiaryAttribute":null,"Payload":{"QuestionText":"When you were in <b>Kindergarten<\/b>, did you have any form of English education?","QuestionType":"MC","Selector":"SAVR","SubSelector":"TX","Configuration":{"QuestionDescriptionOption":"UseText"},"QuestionDescription":"When you were in Kindergarten, did you have any form of English education?","Choices":{"1":{"Display":"Yes"},"2":{"Display":"No"}},"ChoiceOrder":[1,2],"Validation":{"Settings":{"ForceResponse":"ON","ForceResponseType":"ON","Type":"None"}},"Language":[],"NextChoiceId":3,"NextAnswerId":1,"QuestionText_Unsafe":"When you were in <b>Kindergarten<\/b>, did you have any form of English education?","DataExportTag":"L_B1","QuestionID":"QID218","DataVisibility":{"Private":false,"Hidden":false}}},{"SurveyID":"SV_e9CAWi3XIOKlURU","Element":"SQ","PrimaryAttribute":"QID224","SecondaryAttribute":"When you were in middle school, did you have any form of English education?","TertiaryAttribute":null,"Payload":{"QuestionText":"When you were in <b>middle school<\/b>, did you have any form of English education?","QuestionType":"MC","Selector":"SAVR","SubSelector":"TX","DataVisibility":{"Private":false,"Hidden":false},"Configuration":{"QuestionDescriptionOption":"UseText"},"QuestionDescription":"When you were in middle school, did you have any form of English education?","Choices":{"1":{"Display":"Yes"},"2":{"Display":"No"}},"ChoiceOrder":[1,2],"Validation":{"Settings":{"ForceResponse":"ON","ForceResponseType":"ON","Type":"None"}},"Language":[],"NextChoiceId":3,"NextAnswerId":1,"QuestionText_Unsafe":"When you were in <b>middle school<\/b>, did you have any form of English education?","DataExportTag":"L_B3","QuestionID":"QID224"}},{"SurveyID":"SV_e9CAWi3XIOKlURU","Element":"SQ","PrimaryAttribute":"QID220","SecondaryAttribute":"Which of the following aspects were involved in this class? (You may select multiple choices)","TertiaryAttribute":null,"Payload":{"QuestionText":"Which of the following aspects were involved in this class? (You may select multiple choices)","QuestionType":"MC","Selector":"MACOL","SubSelector":"TX","Configuration":{"QuestionDescriptionOption":"UseText","NumColumns":2},"QuestionDescription":"Which of the following aspects were involved in this class? (You may select multiple choices)","Choices":{"1":{"Display":"Listening in English"},"2":{"Display":"Writing in English"},"3":{"Display":"Speaking in English"},"4":{"Display":"Reading in English"}},"ChoiceOrder":["1","2","3","4"],"Validation":{"Settings":{"ForceResponse":"ON","ForceResponseType":"ON","Type":"None"}},"Language":[],"NextChoiceId":5,"NextAnswerId":1,"DefaultChoices":false,"DataVisibility":{"Private":false,"Hidden":false},"GradingData":[],"DisplayLogic":{"0":{"0":{"ChoiceLocator":"q:\/\/QID218\/SelectableChoice\/1","Description":"<span class=\"ConjDesc\">If<\/span> <span class=\"QuestionDesc\">When you were in Kindergarten, did you have any form of English education?<\/span> <span class=\"LeftOpDesc\">Yes<\/span> <span class=\"OpDesc\">Is Selected<\/span> ","LeftOperand":"q:\/\/QID218\/SelectableChoice\/1","LogicType":"Question","Operator":"Selected","QuestionID":"QID218","QuestionIDFromLocator":"QID218","QuestionIsInLoop":"no","Type":"Expression"},"Type":"If"},"Type":"BooleanExpression","inPage":false},"QuestionText_Unsafe":"Which of the following aspects were involved in this class? (You may select multiple choices)","DataExportTag":"L_B1b","QuestionID":"QID220"}},{"SurveyID":"SV_e9CAWi3XIOKlURU","Element":"SQ","PrimaryAttribute":"QID223","SecondaryAttribute":"Which of the following aspects were involved in this class? (You may select multiple choices)","TertiaryAttribute":null,"Payload":{"QuestionText":"Which of the following aspects were involved in this class? (You may select multiple choices)","DefaultChoices":false,"QuestionType":"MC","Selector":"MACOL","SubSelector":"TX","DataVisibility":{"Private":false,"Hidden":false},"Configuration":{"QuestionDescriptionOption":"UseText","NumColumns":2},"QuestionDescription":"Which of the following aspects were involved in this class? (You may select multiple choices)","Choices":{"1":{"Display":"Listening in English"},"2":{"Display":"Writing in English"},"3":{"Display":"Speaking in English"},"4":{"Display":"Reading in English"}},"ChoiceOrder":["1","2","3","4"],"Validation":{"Settings":{"ForceResponse":"ON","ForceResponseType":"ON","Type":"None"}},"GradingData":[],"Language":[],"NextChoiceId":5,"NextAnswerId":1,"DisplayLogic":{"0":{"0":{"ChoiceLocator":"q:\/\/QID221\/SelectableChoice\/1","Description":"<span class=\"ConjDesc\">If<\/span> <span class=\"QuestionDesc\">When you were in elementary school, did you have any form of English education?<\/span> <span class=\"LeftOpDesc\">Yes<\/span> <span class=\"OpDesc\">Is Selected<\/span> ","LeftOperand":"q:\/\/QID221\/SelectableChoice\/1","LogicType":"Question","Operator":"Selected","QuestionID":"QID221","QuestionIDFromLocator":"QID221","QuestionIsInLoop":"no","Type":"Expression"},"Type":"If"},"Type":"BooleanExpression","inPage":false},"QuestionText_Unsafe":"Which of the following aspects were involved in this class? (You may select multiple choices)","DataExportTag":"L_B2b","QuestionID":"QID223"}},{"SurveyID":"SV_e9CAWi3XIOKlURU","Element":"SQ","PrimaryAttribute":"QID226","SecondaryAttribute":"Which of the following aspects were involved in this class? (You may select multiple choices)","TertiaryAttribute":null,"Payload":{"QuestionText":"Which of the following aspects were involved in this class? (You may select multiple choices)","DefaultChoices":false,"QuestionType":"MC","Selector":"MACOL","SubSelector":"TX","DataVisibility":{"Private":false,"Hidden":false},"Configuration":{"QuestionDescriptionOption":"UseText","NumColumns":2},"QuestionDescription":"Which of the following aspects were involved in this class? (You may select multiple choices)","Choices":{"1":{"Display":"Listening in English"},"2":{"Display":"Writing in English"},"3":{"Display":"Speaking in English"},"4":{"Display":"Reading in English"}},"ChoiceOrder":["1","2","3","4"],"Validation":{"Settings":{"ForceResponse":"ON","ForceResponseType":"ON","Type":"None"}},"GradingData":[],"Language":[],"NextChoiceId":5,"NextAnswerId":1,"DisplayLogic":{"0":{"0":{"ChoiceLocator":"q:\/\/QID224\/SelectableChoice\/1","Description":"<span class=\"ConjDesc\">If<\/span> <span class=\"QuestionDesc\">When you were in middle school, did you have any form of English education?<\/span> <span class=\"LeftOpDesc\">Yes<\/span> <span class=\"OpDesc\">Is Selected<\/span> ","LeftOperand":"q:\/\/QID224\/SelectableChoice\/1","LogicType":"Question","Operator":"Selected","QuestionID":"QID224","QuestionIDFromLocator":"QID224","QuestionIsInLoop":"no","Type":"Expression"},"Type":"If"},"Type":"BooleanExpression","inPage":false},"QuestionText_Unsafe":"Which of the following aspects were involved in this class? (You may select multiple choices)","DataExportTag":"L_B3b","QuestionID":"QID226"}},{"SurveyID":"SV_e9CAWi3XIOKlURU","Element":"SQ","PrimaryAttribute":"QID229","SecondaryAttribute":"Which of the following aspects were involved in this class? (You may select multiple choices)","TertiaryAttribute":null,"Payload":{"QuestionText":"Which of the following aspects were involved in this class? (You may select multiple choices)","DefaultChoices":false,"QuestionType":"MC","Selector":"MACOL","SubSelector":"TX","DataVisibility":{"Private":false,"Hidden":false},"Configuration":{"QuestionDescriptionOption":"UseText","NumColumns":2},"QuestionDescription":"Which of the following aspects were involved in this class? (You may select multiple choices)","Choices":{"1":{"Display":"Listening in English"},"2":{"Display":"Writing in English"},"3":{"Display":"Speaking in English"},"4":{"Display":"Reading in English"}},"ChoiceOrder":["1","2","3","4"],"Validation":{"Settings":{"ForceResponse":"ON","ForceResponseType":"ON","Type":"None"}},"GradingData":[],"Language":[],"NextChoiceId":5,"NextAnswerId":1,"DisplayLogic":{"0":{"0":{"ChoiceLocator":"q:\/\/QID227\/SelectableChoice\/1","Description":"<span class=\"ConjDesc\">If<\/span> <span class=\"QuestionDesc\">When you were in high school, did you have any form of English education?<\/span> <span class=\"LeftOpDesc\">Yes<\/span> <span class=\"OpDesc\">Is Selected<\/span> ","LeftOperand":"q:\/\/QID227\/SelectableChoice\/1","LogicType":"Question","Operator":"Selected","QuestionID":"QID227","QuestionIDFromLocator":"QID227","QuestionIsInLoop":"no","Type":"Expression"},"Type":"If"},"Type":"BooleanExpression","inPage":false},"QuestionText_Unsafe":"Which of the following aspects were involved in this class? (You may select multiple choices)","DataExportTag":"L_B4b","QuestionID":"QID229"}}]}